{
  "pins" : [
    {
      "identity" : "mangopay-ios-vault-sdk",
      "kind" : "remoteSourceControl",
      "location" : "https://github.com/Mangopay/mangopay-ios-vault-sdk",
      "state" : {
        "revision" : "ce8a8a8b71286377afcbe8d076c8074b9f21a33f",
        "version" : "1.0.9"
      }
    },
    {
      "identity" : "paypal-ios",
      "kind" : "remoteSourceControl",
      "location" : "https://github.com/paypal/paypal-ios/",
      "state" : {
        "revision" : "99ed704bd640c480dacd8be01f023c977d244132",
        "version" : "1.4.0"
      }
    },
    {
      "identity" : "sentry-cocoa",
      "kind" : "remoteSourceControl",
      "location" : "https://github.com/getsentry/sentry-cocoa",
      "state" : {
        "revision" : "5575af93efb776414f243e93d6af9f6258dc539a",
        "version" : "8.36.0"
      }
    }
  ],
  "version" : 2
}
