{
  "pins" : [
    {
      "identity" : "mangopay-ios-vault-sdk",
      "kind" : "remoteSourceControl",
      "location" : "https://github.com/Mangopay/mangopay-ios-vault-sdk",
      "state" : {
        "branch" : "main",
        "revision" : "2f1c684e45a32c1a47c8206e8008a6d83ee19be9"
      }
    }
  ],
  "version" : 2
}
