// !$*UTF8*$!
{
	archiveVersion = 1;
	classes = {
	};
	objectVersion = 56;
	objects = {

/* Begin PBXBuildFile section */
		98FBB6162938989600B05006 /* AppDelegate.swift in Sources */ = {isa = PBXBuildFile; fileRef = 98FBB6152938989600B05006 /* AppDelegate.swift */; };
		98FBB6182938989600B05006 /* SceneDelegate.swift in Sources */ = {isa = PBXBuildFile; fileRef = 98FBB6172938989600B05006 /* SceneDelegate.swift */; };
		98FBB61A2938989600B05006 /* ViewController.swift in Sources */ = {isa = PBXBuildFile; fileRef = 98FBB6192938989600B05006 /* ViewController.swift */; };
		98FBB61D2938989600B05006 /* Main.storyboard in Resources */ = {isa = PBXBuildFile; fileRef = 98FBB61B2938989600B05006 /* Main.storyboard */; };
		98FBB61F2938989600B05006 /* Assets.xcassets in Resources */ = {isa = PBXBuildFile; fileRef = 98FBB61E2938989600B05006 /* Assets.xcassets */; };
		98FBB6222938989600B05006 /* LaunchScreen.storyboard in Resources */ = {isa = PBXBuildFile; fileRef = 98FBB6202938989600B05006 /* LaunchScreen.storyboard */; };
		98FBB62E2938A11F00B05006 /* checkout-ios-sdk in Frameworks */ = {isa = PBXBuildFile; productRef = 98FBB62D2938A11F00B05006 /* checkout-ios-sdk */; };
/* End PBXBuildFile section */

/* Begin PBXFileReference section */
		98FBB6122938989600B05006 /* CheckoutiOSDemoApp.app */ = {isa = PBXFileReference; explicitFileType = wrapper.application; includeInIndex = 0; path = CheckoutiOSDemoApp.app; sourceTree = BUILT_PRODUCTS_DIR; };
		98FBB6152938989600B05006 /* AppDelegate.swift */ = {isa = PBXFileReference; lastKnownFileType = sourcecode.swift; path = AppDelegate.swift; sourceTree = "<group>"; };
		98FBB6172938989600B05006 /* SceneDelegate.swift */ = {isa = PBXFileReference; lastKnownFileType = sourcecode.swift; path = SceneDelegate.swift; sourceTree = "<group>"; };
		98FBB6192938989600B05006 /* ViewController.swift */ = {isa = PBXFileReference; lastKnownFileType = sourcecode.swift; path = ViewController.swift; sourceTree = "<group>"; };
		98FBB61C2938989600B05006 /* Base */ = {isa = PBXFileReference; lastKnownFileType = file.storyboard; name = Base; path = Base.lproj/Main.storyboard; sourceTree = "<group>"; };
		98FBB61E2938989600B05006 /* Assets.xcassets */ = {isa = PBXFileReference; lastKnownFileType = folder.assetcatalog; path = Assets.xcassets; sourceTree = "<group>"; };
		98FBB6212938989600B05006 /* Base */ = {isa = PBXFileReference; lastKnownFileType = file.storyboard; name = Base; path = Base.lproj/LaunchScreen.storyboard; sourceTree = "<group>"; };
		98FBB6232938989600B05006 /* Info.plist */ = {isa = PBXFileReference; lastKnownFileType = text.plist.xml; path = Info.plist; sourceTree = "<group>"; };
/* End PBXFileReference section */

/* Begin PBXFrameworksBuildPhase section */
		98FBB60F2938989600B05006 /* Frameworks */ = {
			isa = PBXFrameworksBuildPhase;
			buildActionMask = 2147483647;
			files = (
				98FBB62E2938A11F00B05006 /* checkout-ios-sdk in Frameworks */,
			);
			runOnlyForDeploymentPostprocessing = 0;
		};
/* End PBXFrameworksBuildPhase section */

/* Begin PBXGroup section */
		98FBB6092938989600B05006 = {
			isa = PBXGroup;
			children = (
				98FBB6142938989600B05006 /* CheckoutiOSDemoApp */,
				98FBB6132938989600B05006 /* Products */,
			);
			sourceTree = "<group>";
		};
		98FBB6132938989600B05006 /* Products */ = {
			isa = PBXGroup;
			children = (
				98FBB6122938989600B05006 /* CheckoutiOSDemoApp.app */,
			);
			name = Products;
			sourceTree = "<group>";
		};
		98FBB6142938989600B05006 /* CheckoutiOSDemoApp */ = {
			isa = PBXGroup;
			children = (
				98FBB6152938989600B05006 /* AppDelegate.swift */,
				98FBB6172938989600B05006 /* SceneDelegate.swift */,
				98FBB6192938989600B05006 /* ViewController.swift */,
				98FBB61B2938989600B05006 /* Main.storyboard */,
				98FBB61E2938989600B05006 /* Assets.xcassets */,
				98FBB6202938989600B05006 /* LaunchScreen.storyboard */,
				98FBB6232938989600B05006 /* Info.plist */,
			);
			path = CheckoutiOSDemoApp;
			sourceTree = "<group>";
		};
/* End PBXGroup section */

/* Begin PBXNativeTarget section */
		98FBB6112938989600B05006 /* CheckoutiOSDemoApp */ = {
			isa = PBXNativeTarget;
			buildConfigurationList = 98FBB6262938989600B05006 /* Build configuration list for PBXNativeTarget "CheckoutiOSDemoApp" */;
			buildPhases = (
				98FBB60E2938989600B05006 /* Sources */,
				98FBB60F2938989600B05006 /* Frameworks */,
				98FBB6102938989600B05006 /* Resources */,
			);
			buildRules = (
			);
			dependencies = (
			);
			name = CheckoutiOSDemoApp;
			packageProductDependencies = (
				98FBB62D2938A11F00B05006 /* checkout-ios-sdk */,
			);
			productName = CheckoutiOSDemoApp;
			productReference = 98FBB6122938989600B05006 /* CheckoutiOSDemoApp.app */;
			productType = "com.apple.product-type.application";
		};
/* End PBXNativeTarget section */

/* Begin PBXProject section */
		98FBB60A2938989600B05006 /* Project object */ = {
			isa = PBXProject;
			attributes = {
				BuildIndependentTargetsInParallel = 1;
				LastSwiftUpdateCheck = 1400;
				LastUpgradeCheck = 1400;
				TargetAttributes = {
					98FBB6112938989600B05006 = {
						CreatedOnToolsVersion = 14.0;
					};
				};
			};
			buildConfigurationList = 98FBB60D2938989600B05006 /* Build configuration list for PBXProject "CheckoutiOSDemoApp" */;
			compatibilityVersion = "Xcode 14.0";
			developmentRegion = en;
			hasScannedForEncodings = 0;
			knownRegions = (
				en,
				Base,
			);
			mainGroup = 98FBB6092938989600B05006;
			packageReferences = (
				98FBB62C2938A11F00B05006 /* XCRemoteSwiftPackageReference "checkout-ios-sdk" */,
			);
			productRefGroup = 98FBB6132938989600B05006 /* Products */;
			projectDirPath = "";
			projectRoot = "";
			targets = (
				98FBB6112938989600B05006 /* CheckoutiOSDemoApp */,
			);
		};
/* End PBXProject section */

/* Begin PBXResourcesBuildPhase section */
		98FBB6102938989600B05006 /* Resources */ = {
			isa = PBXResourcesBuildPhase;
			buildActionMask = 2147483647;
			files = (
				98FBB6222938989600B05006 /* LaunchScreen.storyboard in Resources */,
				98FBB61F2938989600B05006 /* Assets.xcassets in Resources */,
				98FBB61D2938989600B05006 /* Main.storyboard in Resources */,
			);
			runOnlyForDeploymentPostprocessing = 0;
		};
/* End PBXResourcesBuildPhase section */

/* Begin PBXSourcesBuildPhase section */
		98FBB60E2938989600B05006 /* Sources */ = {
			isa = PBXSourcesBuildPhase;
			buildActionMask = 2147483647;
			files = (
				98FBB61A2938989600B05006 /* ViewController.swift in Sources */,
				98FBB6162938989600B05006 /* AppDelegate.swift in Sources */,
				98FBB6182938989600B05006 /* SceneDelegate.swift in Sources */,
			);
			runOnlyForDeploymentPostprocessing = 0;
		};
/* End PBXSourcesBuildPhase section */

/* Begin PBXVariantGroup section */
		98FBB61B2938989600B05006 /* Main.storyboard */ = {
			isa = PBXVariantGroup;
			children = (
				98FBB61C2938989600B05006 /* Base */,
			);
			name = Main.storyboard;
			sourceTree = "<group>";
		};
		98FBB6202938989600B05006 /* LaunchScreen.storyboard */ = {
			isa = PBXVariantGroup;
			children = (
				98FBB6212938989600B05006 /* Base */,
			);
			name = LaunchScreen.storyboard;
			sourceTree = "<group>";
		};
/* End PBXVariantGroup section */

/* Begin XCBuildConfiguration section */
		98FBB6242938989600B05006 /* Debug */ = {
			isa = XCBuildConfiguration;
			buildSettings = {
				ALWAYS_SEARCH_USER_PATHS = NO;
				CLANG_ANALYZER_NONNULL = YES;
				CLANG_ANALYZER_NUMBER_OBJECT_CONVERSION = YES_AGGRESSIVE;
				CLANG_CXX_LANGUAGE_STANDARD = "gnu++20";
				CLANG_ENABLE_MODULES = YES;
				CLANG_ENABLE_OBJC_ARC = YES;
				CLANG_ENABLE_OBJC_WEAK = YES;
				CLANG_WARN_BLOCK_CAPTURE_AUTORELEASING = YES;
				CLANG_WARN_BOOL_CONVERSION = YES;
				CLANG_WARN_COMMA = YES;
				CLANG_WARN_CONSTANT_CONVERSION = YES;
				CLANG_WARN_DEPRECATED_OBJC_IMPLEMENTATIONS = YES;
				CLANG_WARN_DIRECT_OBJC_ISA_USAGE = YES_ERROR;
				CLANG_WARN_DOCUMENTATION_COMMENTS = YES;
				CLANG_WARN_EMPTY_BODY = YES;
				CLANG_WARN_ENUM_CONVERSION = YES;
				CLANG_WARN_INFINITE_RECURSION = YES;
				CLANG_WARN_INT_CONVERSION = YES;
				CLANG_WARN_NON_LITERAL_NULL_CONVERSION = YES;
				CLANG_WARN_OBJC_IMPLICIT_RETAIN_SELF = YES;
				CLANG_WARN_OBJC_LITERAL_CONVERSION = YES;
				CLANG_WARN_OBJC_ROOT_CLASS = YES_ERROR;
				CLANG_WARN_QUOTED_INCLUDE_IN_FRAMEWORK_HEADER = YES;
				CLANG_WARN_RANGE_LOOP_ANALYSIS = YES;
				CLANG_WARN_STRICT_PROTOTYPES = YES;
				CLANG_WARN_SUSPICIOUS_MOVE = YES;
				CLANG_WARN_UNGUARDED_AVAILABILITY = YES_AGGRESSIVE;
				CLANG_WARN_UNREACHABLE_CODE = YES;
				CLANG_WARN__DUPLICATE_METHOD_MATCH = YES;
				COPY_PHASE_STRIP = NO;
				DEBUG_INFORMATION_FORMAT = dwarf;
				ENABLE_STRICT_OBJC_MSGSEND = YES;
				ENABLE_TESTABILITY = YES;
				GCC_C_LANGUAGE_STANDARD = gnu11;
				GCC_DYNAMIC_NO_PIC = NO;
				GCC_NO_COMMON_BLOCKS = YES;
				GCC_OPTIMIZATION_LEVEL = 0;
				GCC_PREPROCESSOR_DEFINITIONS = (
					"DEBUG=1",
					"$(inherited)",
				);
				GCC_WARN_64_TO_32_BIT_CONVERSION = YES;
				GCC_WARN_ABOUT_RETURN_TYPE = YES_ERROR;
				GCC_WARN_UNDECLARED_SELECTOR = YES;
				GCC_WARN_UNINITIALIZED_AUTOS = YES_AGGRESSIVE;
				GCC_WARN_UNUSED_FUNCTION = YES;
				GCC_WARN_UNUSED_VARIABLE = YES;
				IPHONEOS_DEPLOYMENT_TARGET = 16.0;
				MTL_ENABLE_DEBUG_INFO = INCLUDE_SOURCE;
				MTL_FAST_MATH = YES;
				ONLY_ACTIVE_ARCH = YES;
				SDKROOT = iphoneos;
				SWIFT_ACTIVE_COMPILATION_CONDITIONS = DEBUG;
				SWIFT_OPTIMIZATION_LEVEL = "-Onone";
			};
			name = Debug;
		};
		98FBB6252938989600B05006 /* Release */ = {
			isa = XCBuildConfiguration;
			buildSettings = {
				ALWAYS_SEARCH_USER_PATHS = NO;
				CLANG_ANALYZER_NONNULL = YES;
				CLANG_ANALYZER_NUMBER_OBJECT_CONVERSION = YES_AGGRESSIVE;
				CLANG_CXX_LANGUAGE_STANDARD = "gnu++20";
				CLANG_ENABLE_MODULES = YES;
				CLANG_ENABLE_OBJC_ARC = YES;
				CLANG_ENABLE_OBJC_WEAK = YES;
				CLANG_WARN_BLOCK_CAPTURE_AUTORELEASING = YES;
				CLANG_WARN_BOOL_CONVERSION = YES;
				CLANG_WARN_COMMA = YES;
				CLANG_WARN_CONSTANT_CONVERSION = YES;
				CLANG_WARN_DEPRECATED_OBJC_IMPLEMENTATIONS = YES;
				CLANG_WARN_DIRECT_OBJC_ISA_USAGE = YES_ERROR;
				CLANG_WARN_DOCUMENTATION_COMMENTS = YES;
				CLANG_WARN_EMPTY_BODY = YES;
				CLANG_WARN_ENUM_CONVERSION = YES;
				CLANG_WARN_INFINITE_RECURSION = YES;
				CLANG_WARN_INT_CONVERSION = YES;
				CLANG_WARN_NON_LITERAL_NULL_CONVERSION = YES;
				CLANG_WARN_OBJC_IMPLICIT_RETAIN_SELF = YES;
				CLANG_WARN_OBJC_LITERAL_CONVERSION = YES;
				CLANG_WARN_OBJC_ROOT_CLASS = YES_ERROR;
				CLANG_WARN_QUOTED_INCLUDE_IN_FRAMEWORK_HEADER = YES;
				CLANG_WARN_RANGE_LOOP_ANALYSIS = YES;
				CLANG_WARN_STRICT_PROTOTYPES = YES;
				CLANG_WARN_SUSPICIOUS_MOVE = YES;
				CLANG_WARN_UNGUARDED_AVAILABILITY = YES_AGGRESSIVE;
				CLANG_WARN_UNREACHABLE_CODE = YES;
				CLANG_WARN__DUPLICATE_METHOD_MATCH = YES;
				COPY_PHASE_STRIP = NO;
				DEBUG_INFORMATION_FORMAT = "dwarf-with-dsym";
				ENABLE_NS_ASSERTIONS = NO;
				ENABLE_STRICT_OBJC_MSGSEND = YES;
				GCC_C_LANGUAGE_STANDARD = gnu11;
				GCC_NO_COMMON_BLOCKS = YES;
				GCC_WARN_64_TO_32_BIT_CONVERSION = YES;
				GCC_WARN_ABOUT_RETURN_TYPE = YES_ERROR;
				GCC_WARN_UNDECLARED_SELECTOR = YES;
				GCC_WARN_UNINITIALIZED_AUTOS = YES_AGGRESSIVE;
				GCC_WARN_UNUSED_FUNCTION = YES;
				GCC_WARN_UNUSED_VARIABLE = YES;
				IPHONEOS_DEPLOYMENT_TARGET = 16.0;
				MTL_ENABLE_DEBUG_INFO = NO;
				MTL_FAST_MATH = YES;
				SDKROOT = iphoneos;
				SWIFT_COMPILATION_MODE = wholemodule;
				SWIFT_OPTIMIZATION_LEVEL = "-O";
				VALIDATE_PRODUCT = YES;
			};
			name = Release;
		};
		98FBB6272938989600B05006 /* Debug */ = {
			isa = XCBuildConfiguration;
			buildSettings = {
				ASSETCATALOG_COMPILER_APPICON_NAME = AppIcon;
				ASSETCATALOG_COMPILER_GLOBAL_ACCENT_COLOR_NAME = AccentColor;
				CODE_SIGN_STYLE = Automatic;
				CURRENT_PROJECT_VERSION = 1;
				DEVELOPMENT_TEAM = ZPQX25J7UP;
				GENERATE_INFOPLIST_FILE = YES;
				INFOPLIST_FILE = CheckoutiOSDemoApp/Info.plist;
				INFOPLIST_KEY_UIApplicationSupportsIndirectInputEvents = YES;
				INFOPLIST_KEY_UILaunchStoryboardName = LaunchScreen;
				INFOPLIST_KEY_UIMainStoryboardFile = Main;
				INFOPLIST_KEY_UISupportedInterfaceOrientations_iPad = "UIInterfaceOrientationPortrait UIInterfaceOrientationPortraitUpsideDown UIInterfaceOrientationLandscapeLeft UIInterfaceOrientationLandscapeRight";
				INFOPLIST_KEY_UISupportedInterfaceOrientations_iPhone = "UIInterfaceOrientationPortrait UIInterfaceOrientationLandscapeLeft UIInterfaceOrientationLandscapeRight";
				LD_RUNPATH_SEARCH_PATHS = (
					"$(inherited)",
					"@executable_path/Frameworks",
				);
				MARKETING_VERSION = 1.0;
				PRODUCT_BUNDLE_IDENTIFIER = com.whenthen.checkout.CheckoutiOSDemoApp;
				PRODUCT_NAME = "$(TARGET_NAME)";
				SWIFT_EMIT_LOC_STRINGS = YES;
				SWIFT_VERSION = 5.0;
				TARGETED_DEVICE_FAMILY = "1,2";
			};
			name = Debug;
		};
		98FBB6282938989600B05006 /* Release */ = {
			isa = XCBuildConfiguration;
			buildSettings = {
				ASSETCATALOG_COMPILER_APPICON_NAME = AppIcon;
				ASSETCATALOG_COMPILER_GLOBAL_ACCENT_COLOR_NAME = AccentColor;
				CODE_SIGN_STYLE = Automatic;
				CURRENT_PROJECT_VERSION = 1;
				DEVELOPMENT_TEAM = ZPQX25J7UP;
				GENERATE_INFOPLIST_FILE = YES;
				INFOPLIST_FILE = CheckoutiOSDemoApp/Info.plist;
				INFOPLIST_KEY_UIApplicationSupportsIndirectInputEvents = YES;
				INFOPLIST_KEY_UILaunchStoryboardName = LaunchScreen;
				INFOPLIST_KEY_UIMainStoryboardFile = Main;
				INFOPLIST_KEY_UISupportedInterfaceOrientations_iPad = "UIInterfaceOrientationPortrait UIInterfaceOrientationPortraitUpsideDown UIInterfaceOrientationLandscapeLeft UIInterfaceOrientationLandscapeRight";
				INFOPLIST_KEY_UISupportedInterfaceOrientations_iPhone = "UIInterfaceOrientationPortrait UIInterfaceOrientationLandscapeLeft UIInterfaceOrientationLandscapeRight";
				LD_RUNPATH_SEARCH_PATHS = (
					"$(inherited)",
					"@executable_path/Frameworks",
				);
				MARKETING_VERSION = 1.0;
				PRODUCT_BUNDLE_IDENTIFIER = com.whenthen.checkout.CheckoutiOSDemoApp;
				PRODUCT_NAME = "$(TARGET_NAME)";
				SWIFT_EMIT_LOC_STRINGS = YES;
				SWIFT_VERSION = 5.0;
				TARGETED_DEVICE_FAMILY = "1,2";
			};
			name = Release;
		};
/* End XCBuildConfiguration section */

/* Begin XCConfigurationList section */
		98FBB60D2938989600B05006 /* Build configuration list for PBXProject "CheckoutiOSDemoApp" */ = {
			isa = XCConfigurationList;
			buildConfigurations = (
				98FBB6242938989600B05006 /* Debug */,
				98FBB6252938989600B05006 /* Release */,
			);
			defaultConfigurationIsVisible = 0;
			defaultConfigurationName = Release;
		};
		98FBB6262938989600B05006 /* Build configuration list for PBXNativeTarget "CheckoutiOSDemoApp" */ = {
			isa = XCConfigurationList;
			buildConfigurations = (
				98FBB6272938989600B05006 /* Debug */,
				98FBB6282938989600B05006 /* Release */,
			);
			defaultConfigurationIsVisible = 0;
			defaultConfigurationName = Release;
		};
/* End XCConfigurationList section */

/* Begin XCRemoteSwiftPackageReference section */
		98FBB62C2938A11F00B05006 /* XCRemoteSwiftPackageReference "checkout-ios-sdk" */ = {
			isa = XCRemoteSwiftPackageReference;
			repositoryURL = "/Users/elikemsavie/Codelab/WhenThen/checkout-ios-sdk";
			requirement = {
				branch = feature/apple_pay;
				kind = branch;
			};
		};
/* End XCRemoteSwiftPackageReference section */

/* Begin XCSwiftPackageProductDependency section */
		98FBB62D2938A11F00B05006 /* checkout-ios-sdk */ = {
			isa = XCSwiftPackageProductDependency;
			package = 98FBB62C2938A11F00B05006 /* XCRemoteSwiftPackageReference "checkout-ios-sdk" */;
			productName = "checkout-ios-sdk";
		};
/* End XCSwiftPackageProductDependency section */
	};
	rootObject = 98FBB60A2938989600B05006 /* Project object */;
}
