// !$*UTF8*$!
{
	archiveVersion = 1;
	classes = {
	};
	objectVersion = 56;
	objects = {

/* Begin PBXBuildFile section */
		9813A3672A8254CD0036F556 /* AppDelegate.swift in Sources */ = {isa = PBXBuildFile; fileRef = 9813A3662A8254CD0036F556 /* AppDelegate.swift */; };
		9813A3692A8254CD0036F556 /* SceneDelegate.swift in Sources */ = {isa = PBXBuildFile; fileRef = 9813A3682A8254CD0036F556 /* SceneDelegate.swift */; };
		9813A36B2A8254CD0036F556 /* ViewController.swift in Sources */ = {isa = PBXBuildFile; fileRef = 9813A36A2A8254CD0036F556 /* ViewController.swift */; };
		9813A36E2A8254CD0036F556 /* Main.storyboard in Resources */ = {isa = PBXBuildFile; fileRef = 9813A36C2A8254CD0036F556 /* Main.storyboard */; };
		9813A3732A8254D00036F556 /* LaunchScreen.storyboard in Resources */ = {isa = PBXBuildFile; fileRef = 9813A3712A8254D00036F556 /* LaunchScreen.storyboard */; };
		9813A37E2A8254D00036F556 /* MangopayDemoTests.swift in Sources */ = {isa = PBXBuildFile; fileRef = 9813A37D2A8254D00036F556 /* MangopayDemoTests.swift */; };
		9813A3882A8254D00036F556 /* MangopayDemoUITests.swift in Sources */ = {isa = PBXBuildFile; fileRef = 9813A3872A8254D00036F556 /* MangopayDemoUITests.swift */; };
		9813A38A2A8254D00036F556 /* MangopayDemoUITestsLaunchTests.swift in Sources */ = {isa = PBXBuildFile; fileRef = 9813A3892A8254D00036F556 /* MangopayDemoUITestsLaunchTests.swift */; };
		9813A3972A8261130036F556 /* DemoPaymentForm.swift in Sources */ = {isa = PBXBuildFile; fileRef = 9813A3962A8261130036F556 /* DemoPaymentForm.swift */; };
		9813A3A32A8261330036F556 /* ConfigurationController.swift in Sources */ = {isa = PBXBuildFile; fileRef = 9813A3982A8261320036F556 /* ConfigurationController.swift */; };
		9813A3A42A8261330036F556 /* ItemCell.xib in Resources */ = {isa = PBXBuildFile; fileRef = 9813A3992A8261320036F556 /* ItemCell.xib */; };
		9813A3A52A8261330036F556 /* CongratsView.xib in Resources */ = {isa = PBXBuildFile; fileRef = 9813A39A2A8261320036F556 /* CongratsView.xib */; };
		9813A3A62A8261330036F556 /* ItemCell.swift in Sources */ = {isa = PBXBuildFile; fileRef = 9813A39B2A8261320036F556 /* ItemCell.swift */; };
		9813A3A72A8261330036F556 /* ProductListController.swift in Sources */ = {isa = PBXBuildFile; fileRef = 9813A39C2A8261320036F556 /* ProductListController.swift */; };
		9813A3A82A8261330036F556 /* UIViewController+extensions.swift in Sources */ = {isa = PBXBuildFile; fileRef = 9813A39D2A8261320036F556 /* UIViewController+extensions.swift */; };
		9813A3A92A8261330036F556 /* CongratsView.swift in Sources */ = {isa = PBXBuildFile; fileRef = 9813A39E2A8261320036F556 /* CongratsView.swift */; };
		9813A3AA2A8261330036F556 /* ElementCardController.swift in Sources */ = {isa = PBXBuildFile; fileRef = 9813A39F2A8261320036F556 /* ElementCardController.swift */; };
		9813A3AB2A8261330036F556 /* CongratsController.swift in Sources */ = {isa = PBXBuildFile; fileRef = 9813A3A02A8261320036F556 /* CongratsController.swift */; };
		9813A3AC2A8261330036F556 /* CongratsController.xib in Resources */ = {isa = PBXBuildFile; fileRef = 9813A3A12A8261330036F556 /* CongratsController.xib */; };
		9813A3AD2A8261330036F556 /* Segue+Additions.swift in Sources */ = {isa = PBXBuildFile; fileRef = 9813A3A22A8261330036F556 /* Segue+Additions.swift */; };
		98D5357F2A82656400EE6381 /* MangoPayCoreiOS in Frameworks */ = {isa = PBXBuildFile; productRef = 98D5357E2A82656400EE6381 /* MangoPayCoreiOS */; };
		98D535812A82656400EE6381 /* MangoPayIntent in Frameworks */ = {isa = PBXBuildFile; productRef = 98D535802A82656400EE6381 /* MangoPayIntent */; };
		98D535832A82656400EE6381 /* MangoPaySdkAPI in Frameworks */ = {isa = PBXBuildFile; productRef = 98D535822A82656400EE6381 /* MangoPaySdkAPI */; };
		98D535862A82661800EE6381 /* IQKeyboardManagerSwift in Frameworks */ = {isa = PBXBuildFile; productRef = 98D535852A82661800EE6381 /* IQKeyboardManagerSwift */; };
		98D535882A826CA300EE6381 /* Assets.xcassets in Resources */ = {isa = PBXBuildFile; fileRef = 98D535872A826CA300EE6381 /* Assets.xcassets */; };
		98DF69A62A83B3EA00B08198 /* netfox in Frameworks */ = {isa = PBXBuildFile; productRef = 98DF69A52A83B3EA00B08198 /* netfox */; };
/* End PBXBuildFile section */

/* Begin PBXContainerItemProxy section */
		9813A37A2A8254D00036F556 /* PBXContainerItemProxy */ = {
			isa = PBXContainerItemProxy;
			containerPortal = 9813A35B2A8254CD0036F556 /* Project object */;
			proxyType = 1;
			remoteGlobalIDString = 9813A3622A8254CD0036F556;
			remoteInfo = MangopayDemo;
		};
		9813A3842A8254D00036F556 /* PBXContainerItemProxy */ = {
			isa = PBXContainerItemProxy;
			containerPortal = 9813A35B2A8254CD0036F556 /* Project object */;
			proxyType = 1;
			remoteGlobalIDString = 9813A3622A8254CD0036F556;
			remoteInfo = MangopayDemo;
		};
/* End PBXContainerItemProxy section */

/* Begin PBXFileReference section */
		9813A3632A8254CD0036F556 /* MangopayDemo.app */ = {isa = PBXFileReference; explicitFileType = wrapper.application; includeInIndex = 0; path = MangopayDemo.app; sourceTree = BUILT_PRODUCTS_DIR; };
		9813A3662A8254CD0036F556 /* AppDelegate.swift */ = {isa = PBXFileReference; lastKnownFileType = sourcecode.swift; path = AppDelegate.swift; sourceTree = "<group>"; };
		9813A3682A8254CD0036F556 /* SceneDelegate.swift */ = {isa = PBXFileReference; lastKnownFileType = sourcecode.swift; path = SceneDelegate.swift; sourceTree = "<group>"; };
		9813A36A2A8254CD0036F556 /* ViewController.swift */ = {isa = PBXFileReference; lastKnownFileType = sourcecode.swift; path = ViewController.swift; sourceTree = "<group>"; };
		9813A36D2A8254CD0036F556 /* Base */ = {isa = PBXFileReference; lastKnownFileType = file.storyboard; name = Base; path = Base.lproj/Main.storyboard; sourceTree = "<group>"; };
		9813A3722A8254D00036F556 /* Base */ = {isa = PBXFileReference; lastKnownFileType = file.storyboard; name = Base; path = Base.lproj/LaunchScreen.storyboard; sourceTree = "<group>"; };
		9813A3742A8254D00036F556 /* Info.plist */ = {isa = PBXFileReference; lastKnownFileType = text.plist.xml; path = Info.plist; sourceTree = "<group>"; };
		9813A3792A8254D00036F556 /* MangopayDemoTests.xctest */ = {isa = PBXFileReference; explicitFileType = wrapper.cfbundle; includeInIndex = 0; path = MangopayDemoTests.xctest; sourceTree = BUILT_PRODUCTS_DIR; };
		9813A37D2A8254D00036F556 /* MangopayDemoTests.swift */ = {isa = PBXFileReference; lastKnownFileType = sourcecode.swift; path = MangopayDemoTests.swift; sourceTree = "<group>"; };
		9813A3832A8254D00036F556 /* MangopayDemoUITests.xctest */ = {isa = PBXFileReference; explicitFileType = wrapper.cfbundle; includeInIndex = 0; path = MangopayDemoUITests.xctest; sourceTree = BUILT_PRODUCTS_DIR; };
		9813A3872A8254D00036F556 /* MangopayDemoUITests.swift */ = {isa = PBXFileReference; lastKnownFileType = sourcecode.swift; path = MangopayDemoUITests.swift; sourceTree = "<group>"; };
		9813A3892A8254D00036F556 /* MangopayDemoUITestsLaunchTests.swift */ = {isa = PBXFileReference; lastKnownFileType = sourcecode.swift; path = MangopayDemoUITestsLaunchTests.swift; sourceTree = "<group>"; };
		9813A3962A8261130036F556 /* DemoPaymentForm.swift */ = {isa = PBXFileReference; fileEncoding = 4; lastKnownFileType = sourcecode.swift; path = DemoPaymentForm.swift; sourceTree = "<group>"; };
		9813A3982A8261320036F556 /* ConfigurationController.swift */ = {isa = PBXFileReference; fileEncoding = 4; lastKnownFileType = sourcecode.swift; path = ConfigurationController.swift; sourceTree = "<group>"; };
		9813A3992A8261320036F556 /* ItemCell.xib */ = {isa = PBXFileReference; fileEncoding = 4; lastKnownFileType = file.xib; path = ItemCell.xib; sourceTree = "<group>"; };
		9813A39A2A8261320036F556 /* CongratsView.xib */ = {isa = PBXFileReference; fileEncoding = 4; lastKnownFileType = file.xib; path = CongratsView.xib; sourceTree = "<group>"; };
		9813A39B2A8261320036F556 /* ItemCell.swift */ = {isa = PBXFileReference; fileEncoding = 4; lastKnownFileType = sourcecode.swift; path = ItemCell.swift; sourceTree = "<group>"; };
		9813A39C2A8261320036F556 /* ProductListController.swift */ = {isa = PBXFileReference; fileEncoding = 4; lastKnownFileType = sourcecode.swift; path = ProductListController.swift; sourceTree = "<group>"; };
		9813A39D2A8261320036F556 /* UIViewController+extensions.swift */ = {isa = PBXFileReference; fileEncoding = 4; lastKnownFileType = sourcecode.swift; path = "UIViewController+extensions.swift"; sourceTree = "<group>"; };
		9813A39E2A8261320036F556 /* CongratsView.swift */ = {isa = PBXFileReference; fileEncoding = 4; lastKnownFileType = sourcecode.swift; path = CongratsView.swift; sourceTree = "<group>"; };
		9813A39F2A8261320036F556 /* ElementCardController.swift */ = {isa = PBXFileReference; fileEncoding = 4; lastKnownFileType = sourcecode.swift; path = ElementCardController.swift; sourceTree = "<group>"; };
		9813A3A02A8261320036F556 /* CongratsController.swift */ = {isa = PBXFileReference; fileEncoding = 4; lastKnownFileType = sourcecode.swift; path = CongratsController.swift; sourceTree = "<group>"; };
		9813A3A12A8261330036F556 /* CongratsController.xib */ = {isa = PBXFileReference; fileEncoding = 4; lastKnownFileType = file.xib; path = CongratsController.xib; sourceTree = "<group>"; };
		9813A3A22A8261330036F556 /* Segue+Additions.swift */ = {isa = PBXFileReference; fileEncoding = 4; lastKnownFileType = sourcecode.swift; path = "Segue+Additions.swift"; sourceTree = "<group>"; };
		9813A3AF2A8263E90036F556 /* MangoPayiOSSDK */ = {isa = PBXFileReference; lastKnownFileType = wrapper; name = MangoPayiOSSDK; path = ../../WhenThen/MangoPayiOSSDK; sourceTree = "<group>"; };
		98D535872A826CA300EE6381 /* Assets.xcassets */ = {isa = PBXFileReference; lastKnownFileType = folder.assetcatalog; path = Assets.xcassets; sourceTree = "<group>"; };
/* End PBXFileReference section */

/* Begin PBXFrameworksBuildPhase section */
		9813A3602A8254CD0036F556 /* Frameworks */ = {
			isa = PBXFrameworksBuildPhase;
			buildActionMask = 2147483647;
			files = (
				98DF69A62A83B3EA00B08198 /* netfox in Frameworks */,
				98D535812A82656400EE6381 /* MangoPayIntent in Frameworks */,
				98D535862A82661800EE6381 /* IQKeyboardManagerSwift in Frameworks */,
				98D535832A82656400EE6381 /* MangoPaySdkAPI in Frameworks */,
				98D5357F2A82656400EE6381 /* MangoPayCoreiOS in Frameworks */,
			);
			runOnlyForDeploymentPostprocessing = 0;
		};
		9813A3762A8254D00036F556 /* Frameworks */ = {
			isa = PBXFrameworksBuildPhase;
			buildActionMask = 2147483647;
			files = (
			);
			runOnlyForDeploymentPostprocessing = 0;
		};
		9813A3802A8254D00036F556 /* Frameworks */ = {
			isa = PBXFrameworksBuildPhase;
			buildActionMask = 2147483647;
			files = (
			);
			runOnlyForDeploymentPostprocessing = 0;
		};
/* End PBXFrameworksBuildPhase section */

/* Begin PBXGroup section */
		9813A35A2A8254CD0036F556 = {
			isa = PBXGroup;
			children = (
				9813A3AE2A8263E90036F556 /* Packages */,
				9813A3652A8254CD0036F556 /* MangopayDemo */,
				9813A37C2A8254D00036F556 /* MangopayDemoTests */,
				9813A3862A8254D00036F556 /* MangopayDemoUITests */,
				9813A3642A8254CD0036F556 /* Products */,
				98D5357D2A82656400EE6381 /* Frameworks */,
			);
			sourceTree = "<group>";
		};
		9813A3642A8254CD0036F556 /* Products */ = {
			isa = PBXGroup;
			children = (
				9813A3632A8254CD0036F556 /* MangopayDemo.app */,
				9813A3792A8254D00036F556 /* MangopayDemoTests.xctest */,
				9813A3832A8254D00036F556 /* MangopayDemoUITests.xctest */,
			);
			name = Products;
			sourceTree = "<group>";
		};
		9813A3652A8254CD0036F556 /* MangopayDemo */ = {
			isa = PBXGroup;
			children = (
				9813A3662A8254CD0036F556 /* AppDelegate.swift */,
				9813A3682A8254CD0036F556 /* SceneDelegate.swift */,
				9813A36A2A8254CD0036F556 /* ViewController.swift */,
				9813A3982A8261320036F556 /* ConfigurationController.swift */,
				9813A3A02A8261320036F556 /* CongratsController.swift */,
				9813A3A12A8261330036F556 /* CongratsController.xib */,
				9813A39E2A8261320036F556 /* CongratsView.swift */,
				9813A39A2A8261320036F556 /* CongratsView.xib */,
				98D535872A826CA300EE6381 /* Assets.xcassets */,
				9813A39F2A8261320036F556 /* ElementCardController.swift */,
				9813A39B2A8261320036F556 /* ItemCell.swift */,
				9813A3992A8261320036F556 /* ItemCell.xib */,
				9813A39C2A8261320036F556 /* ProductListController.swift */,
				9813A3A22A8261330036F556 /* Segue+Additions.swift */,
				9813A39D2A8261320036F556 /* UIViewController+extensions.swift */,
				9813A3962A8261130036F556 /* DemoPaymentForm.swift */,
				9813A36C2A8254CD0036F556 /* Main.storyboard */,
				9813A3712A8254D00036F556 /* LaunchScreen.storyboard */,
				9813A3742A8254D00036F556 /* Info.plist */,
			);
			path = MangopayDemo;
			sourceTree = "<group>";
		};
		9813A37C2A8254D00036F556 /* MangopayDemoTests */ = {
			isa = PBXGroup;
			children = (
				9813A37D2A8254D00036F556 /* MangopayDemoTests.swift */,
			);
			path = MangopayDemoTests;
			sourceTree = "<group>";
		};
		9813A3862A8254D00036F556 /* MangopayDemoUITests */ = {
			isa = PBXGroup;
			children = (
				9813A3872A8254D00036F556 /* MangopayDemoUITests.swift */,
				9813A3892A8254D00036F556 /* MangopayDemoUITestsLaunchTests.swift */,
			);
			path = MangopayDemoUITests;
			sourceTree = "<group>";
		};
		9813A3AE2A8263E90036F556 /* Packages */ = {
			isa = PBXGroup;
			children = (
				9813A3AF2A8263E90036F556 /* MangoPayiOSSDK */,
			);
			name = Packages;
			sourceTree = "<group>";
		};
		98D5357D2A82656400EE6381 /* Frameworks */ = {
			isa = PBXGroup;
			children = (
			);
			name = Frameworks;
			sourceTree = "<group>";
		};
/* End PBXGroup section */

/* Begin PBXNativeTarget section */
		9813A3622A8254CD0036F556 /* MangopayDemo */ = {
			isa = PBXNativeTarget;
			buildConfigurationList = 9813A38D2A8254D00036F556 /* Build configuration list for PBXNativeTarget "MangopayDemo" */;
			buildPhases = (
				9813A35F2A8254CD0036F556 /* Sources */,
				9813A3602A8254CD0036F556 /* Frameworks */,
				9813A3612A8254CD0036F556 /* Resources */,
			);
			buildRules = (
			);
			dependencies = (
			);
			name = MangopayDemo;
			packageProductDependencies = (
				98D5357E2A82656400EE6381 /* MangoPayCoreiOS */,
				98D535802A82656400EE6381 /* MangoPayIntent */,
				98D535822A82656400EE6381 /* MangoPaySdkAPI */,
				98D535852A82661800EE6381 /* IQKeyboardManagerSwift */,
				98DF69A52A83B3EA00B08198 /* netfox */,
			);
			productName = MangopayDemo;
			productReference = 9813A3632A8254CD0036F556 /* MangopayDemo.app */;
			productType = "com.apple.product-type.application";
		};
		9813A3782A8254D00036F556 /* MangopayDemoTests */ = {
			isa = PBXNativeTarget;
			buildConfigurationList = 9813A3902A8254D00036F556 /* Build configuration list for PBXNativeTarget "MangopayDemoTests" */;
			buildPhases = (
				9813A3752A8254D00036F556 /* Sources */,
				9813A3762A8254D00036F556 /* Frameworks */,
				9813A3772A8254D00036F556 /* Resources */,
			);
			buildRules = (
			);
			dependencies = (
				9813A37B2A8254D00036F556 /* PBXTargetDependency */,
			);
			name = MangopayDemoTests;
			productName = MangopayDemoTests;
			productReference = 9813A3792A8254D00036F556 /* MangopayDemoTests.xctest */;
			productType = "com.apple.product-type.bundle.unit-test";
		};
		9813A3822A8254D00036F556 /* MangopayDemoUITests */ = {
			isa = PBXNativeTarget;
			buildConfigurationList = 9813A3932A8254D00036F556 /* Build configuration list for PBXNativeTarget "MangopayDemoUITests" */;
			buildPhases = (
				9813A37F2A8254D00036F556 /* Sources */,
				9813A3802A8254D00036F556 /* Frameworks */,
				9813A3812A8254D00036F556 /* Resources */,
			);
			buildRules = (
			);
			dependencies = (
				9813A3852A8254D00036F556 /* PBXTargetDependency */,
			);
			name = MangopayDemoUITests;
			productName = MangopayDemoUITests;
			productReference = 9813A3832A8254D00036F556 /* MangopayDemoUITests.xctest */;
			productType = "com.apple.product-type.bundle.ui-testing";
		};
/* End PBXNativeTarget section */

/* Begin PBXProject section */
		9813A35B2A8254CD0036F556 /* Project object */ = {
			isa = PBXProject;
			attributes = {
				BuildIndependentTargetsInParallel = 1;
				LastSwiftUpdateCheck = 1420;
				LastUpgradeCheck = 1420;
				TargetAttributes = {
					9813A3622A8254CD0036F556 = {
						CreatedOnToolsVersion = 14.2;
					};
					9813A3782A8254D00036F556 = {
						CreatedOnToolsVersion = 14.2;
						TestTargetID = 9813A3622A8254CD0036F556;
					};
					9813A3822A8254D00036F556 = {
						CreatedOnToolsVersion = 14.2;
						TestTargetID = 9813A3622A8254CD0036F556;
					};
				};
			};
			buildConfigurationList = 9813A35E2A8254CD0036F556 /* Build configuration list for PBXProject "MangopayDemo" */;
			compatibilityVersion = "Xcode 14.0";
			developmentRegion = en;
			hasScannedForEncodings = 0;
			knownRegions = (
				en,
				Base,
			);
			mainGroup = 9813A35A2A8254CD0036F556;
			packageReferences = (
				98D535842A82661800EE6381 /* XCRemoteSwiftPackageReference "IQKeyboardManager" */,
				98DF69A42A83B3EA00B08198 /* XCRemoteSwiftPackageReference "netfox" */,
			);
			productRefGroup = 9813A3642A8254CD0036F556 /* Products */;
			projectDirPath = "";
			projectRoot = "";
			targets = (
				9813A3622A8254CD0036F556 /* MangopayDemo */,
				9813A3782A8254D00036F556 /* MangopayDemoTests */,
				9813A3822A8254D00036F556 /* MangopayDemoUITests */,
			);
		};
/* End PBXProject section */

/* Begin PBXResourcesBuildPhase section */
		9813A3612A8254CD0036F556 /* Resources */ = {
			isa = PBXResourcesBuildPhase;
			buildActionMask = 2147483647;
			files = (
				9813A3A42A8261330036F556 /* ItemCell.xib in Resources */,
				9813A3732A8254D00036F556 /* LaunchScreen.storyboard in Resources */,
				9813A3A52A8261330036F556 /* CongratsView.xib in Resources */,
				9813A3AC2A8261330036F556 /* CongratsController.xib in Resources */,
				98D535882A826CA300EE6381 /* Assets.xcassets in Resources */,
				9813A36E2A8254CD0036F556 /* Main.storyboard in Resources */,
			);
			runOnlyForDeploymentPostprocessing = 0;
		};
		9813A3772A8254D00036F556 /* Resources */ = {
			isa = PBXResourcesBuildPhase;
			buildActionMask = 2147483647;
			files = (
			);
			runOnlyForDeploymentPostprocessing = 0;
		};
		9813A3812A8254D00036F556 /* Resources */ = {
			isa = PBXResourcesBuildPhase;
			buildActionMask = 2147483647;
			files = (
			);
			runOnlyForDeploymentPostprocessing = 0;
		};
/* End PBXResourcesBuildPhase section */

/* Begin PBXSourcesBuildPhase section */
		9813A35F2A8254CD0036F556 /* Sources */ = {
			isa = PBXSourcesBuildPhase;
			buildActionMask = 2147483647;
			files = (
				9813A36B2A8254CD0036F556 /* ViewController.swift in Sources */,
				9813A3A92A8261330036F556 /* CongratsView.swift in Sources */,
				9813A3A32A8261330036F556 /* ConfigurationController.swift in Sources */,
				9813A3AD2A8261330036F556 /* Segue+Additions.swift in Sources */,
				9813A3A62A8261330036F556 /* ItemCell.swift in Sources */,
				9813A3672A8254CD0036F556 /* AppDelegate.swift in Sources */,
				9813A3A82A8261330036F556 /* UIViewController+extensions.swift in Sources */,
				9813A3692A8254CD0036F556 /* SceneDelegate.swift in Sources */,
				9813A3A72A8261330036F556 /* ProductListController.swift in Sources */,
				9813A3AA2A8261330036F556 /* ElementCardController.swift in Sources */,
				9813A3972A8261130036F556 /* DemoPaymentForm.swift in Sources */,
				9813A3AB2A8261330036F556 /* CongratsController.swift in Sources */,
			);
			runOnlyForDeploymentPostprocessing = 0;
		};
		9813A3752A8254D00036F556 /* Sources */ = {
			isa = PBXSourcesBuildPhase;
			buildActionMask = 2147483647;
			files = (
				9813A37E2A8254D00036F556 /* MangopayDemoTests.swift in Sources */,
			);
			runOnlyForDeploymentPostprocessing = 0;
		};
		9813A37F2A8254D00036F556 /* Sources */ = {
			isa = PBXSourcesBuildPhase;
			buildActionMask = 2147483647;
			files = (
				9813A3882A8254D00036F556 /* MangopayDemoUITests.swift in Sources */,
				9813A38A2A8254D00036F556 /* MangopayDemoUITestsLaunchTests.swift in Sources */,
			);
			runOnlyForDeploymentPostprocessing = 0;
		};
/* End PBXSourcesBuildPhase section */

/* Begin PBXTargetDependency section */
		9813A37B2A8254D00036F556 /* PBXTargetDependency */ = {
			isa = PBXTargetDependency;
			target = 9813A3622A8254CD0036F556 /* MangopayDemo */;
			targetProxy = 9813A37A2A8254D00036F556 /* PBXContainerItemProxy */;
		};
		9813A3852A8254D00036F556 /* PBXTargetDependency */ = {
			isa = PBXTargetDependency;
			target = 9813A3622A8254CD0036F556 /* MangopayDemo */;
			targetProxy = 9813A3842A8254D00036F556 /* PBXContainerItemProxy */;
		};
/* End PBXTargetDependency section */

/* Begin PBXVariantGroup section */
		9813A36C2A8254CD0036F556 /* Main.storyboard */ = {
			isa = PBXVariantGroup;
			children = (
				9813A36D2A8254CD0036F556 /* Base */,
			);
			name = Main.storyboard;
			sourceTree = "<group>";
		};
		9813A3712A8254D00036F556 /* LaunchScreen.storyboard */ = {
			isa = PBXVariantGroup;
			children = (
				9813A3722A8254D00036F556 /* Base */,
			);
			name = LaunchScreen.storyboard;
			sourceTree = "<group>";
		};
/* End PBXVariantGroup section */

/* Begin XCBuildConfiguration section */
		9813A38B2A8254D00036F556 /* Debug */ = {
			isa = XCBuildConfiguration;
			buildSettings = {
				ALWAYS_SEARCH_USER_PATHS = NO;
				CLANG_ANALYZER_NONNULL = YES;
				CLANG_ANALYZER_NUMBER_OBJECT_CONVERSION = YES_AGGRESSIVE;
				CLANG_CXX_LANGUAGE_STANDARD = "gnu++20";
				CLANG_ENABLE_MODULES = YES;
				CLANG_ENABLE_OBJC_ARC = YES;
				CLANG_ENABLE_OBJC_WEAK = YES;
				CLANG_WARN_BLOCK_CAPTURE_AUTORELEASING = YES;
				CLANG_WARN_BOOL_CONVERSION = YES;
				CLANG_WARN_COMMA = YES;
				CLANG_WARN_CONSTANT_CONVERSION = YES;
				CLANG_WARN_DEPRECATED_OBJC_IMPLEMENTATIONS = YES;
				CLANG_WARN_DIRECT_OBJC_ISA_USAGE = YES_ERROR;
				CLANG_WARN_DOCUMENTATION_COMMENTS = YES;
				CLANG_WARN_EMPTY_BODY = YES;
				CLANG_WARN_ENUM_CONVERSION = YES;
				CLANG_WARN_INFINITE_RECURSION = YES;
				CLANG_WARN_INT_CONVERSION = YES;
				CLANG_WARN_NON_LITERAL_NULL_CONVERSION = YES;
				CLANG_WARN_OBJC_IMPLICIT_RETAIN_SELF = YES;
				CLANG_WARN_OBJC_LITERAL_CONVERSION = YES;
				CLANG_WARN_OBJC_ROOT_CLASS = YES_ERROR;
				CLANG_WARN_QUOTED_INCLUDE_IN_FRAMEWORK_HEADER = YES;
				CLANG_WARN_RANGE_LOOP_ANALYSIS = YES;
				CLANG_WARN_STRICT_PROTOTYPES = YES;
				CLANG_WARN_SUSPICIOUS_MOVE = YES;
				CLANG_WARN_UNGUARDED_AVAILABILITY = YES_AGGRESSIVE;
				CLANG_WARN_UNREACHABLE_CODE = YES;
				CLANG_WARN__DUPLICATE_METHOD_MATCH = YES;
				COPY_PHASE_STRIP = NO;
				DEBUG_INFORMATION_FORMAT = dwarf;
				ENABLE_STRICT_OBJC_MSGSEND = YES;
				ENABLE_TESTABILITY = YES;
				GCC_C_LANGUAGE_STANDARD = gnu11;
				GCC_DYNAMIC_NO_PIC = NO;
				GCC_NO_COMMON_BLOCKS = YES;
				GCC_OPTIMIZATION_LEVEL = 0;
				GCC_PREPROCESSOR_DEFINITIONS = (
					"DEBUG=1",
					"$(inherited)",
				);
				GCC_WARN_64_TO_32_BIT_CONVERSION = YES;
				GCC_WARN_ABOUT_RETURN_TYPE = YES_ERROR;
				GCC_WARN_UNDECLARED_SELECTOR = YES;
				GCC_WARN_UNINITIALIZED_AUTOS = YES_AGGRESSIVE;
				GCC_WARN_UNUSED_FUNCTION = YES;
				GCC_WARN_UNUSED_VARIABLE = YES;
				IPHONEOS_DEPLOYMENT_TARGET = 16.2;
				MTL_ENABLE_DEBUG_INFO = INCLUDE_SOURCE;
				MTL_FAST_MATH = YES;
				ONLY_ACTIVE_ARCH = YES;
				SDKROOT = iphoneos;
				SWIFT_ACTIVE_COMPILATION_CONDITIONS = DEBUG;
				SWIFT_OPTIMIZATION_LEVEL = "-Onone";
			};
			name = Debug;
		};
		9813A38C2A8254D00036F556 /* Release */ = {
			isa = XCBuildConfiguration;
			buildSettings = {
				ALWAYS_SEARCH_USER_PATHS = NO;
				CLANG_ANALYZER_NONNULL = YES;
				CLANG_ANALYZER_NUMBER_OBJECT_CONVERSION = YES_AGGRESSIVE;
				CLANG_CXX_LANGUAGE_STANDARD = "gnu++20";
				CLANG_ENABLE_MODULES = YES;
				CLANG_ENABLE_OBJC_ARC = YES;
				CLANG_ENABLE_OBJC_WEAK = YES;
				CLANG_WARN_BLOCK_CAPTURE_AUTORELEASING = YES;
				CLANG_WARN_BOOL_CONVERSION = YES;
				CLANG_WARN_COMMA = YES;
				CLANG_WARN_CONSTANT_CONVERSION = YES;
				CLANG_WARN_DEPRECATED_OBJC_IMPLEMENTATIONS = YES;
				CLANG_WARN_DIRECT_OBJC_ISA_USAGE = YES_ERROR;
				CLANG_WARN_DOCUMENTATION_COMMENTS = YES;
				CLANG_WARN_EMPTY_BODY = YES;
				CLANG_WARN_ENUM_CONVERSION = YES;
				CLANG_WARN_INFINITE_RECURSION = YES;
				CLANG_WARN_INT_CONVERSION = YES;
				CLANG_WARN_NON_LITERAL_NULL_CONVERSION = YES;
				CLANG_WARN_OBJC_IMPLICIT_RETAIN_SELF = YES;
				CLANG_WARN_OBJC_LITERAL_CONVERSION = YES;
				CLANG_WARN_OBJC_ROOT_CLASS = YES_ERROR;
				CLANG_WARN_QUOTED_INCLUDE_IN_FRAMEWORK_HEADER = YES;
				CLANG_WARN_RANGE_LOOP_ANALYSIS = YES;
				CLANG_WARN_STRICT_PROTOTYPES = YES;
				CLANG_WARN_SUSPICIOUS_MOVE = YES;
				CLANG_WARN_UNGUARDED_AVAILABILITY = YES_AGGRESSIVE;
				CLANG_WARN_UNREACHABLE_CODE = YES;
				CLANG_WARN__DUPLICATE_METHOD_MATCH = YES;
				COPY_PHASE_STRIP = NO;
				DEBUG_INFORMATION_FORMAT = "dwarf-with-dsym";
				ENABLE_NS_ASSERTIONS = NO;
				ENABLE_STRICT_OBJC_MSGSEND = YES;
				GCC_C_LANGUAGE_STANDARD = gnu11;
				GCC_NO_COMMON_BLOCKS = YES;
				GCC_WARN_64_TO_32_BIT_CONVERSION = YES;
				GCC_WARN_ABOUT_RETURN_TYPE = YES_ERROR;
				GCC_WARN_UNDECLARED_SELECTOR = YES;
				GCC_WARN_UNINITIALIZED_AUTOS = YES_AGGRESSIVE;
				GCC_WARN_UNUSED_FUNCTION = YES;
				GCC_WARN_UNUSED_VARIABLE = YES;
				IPHONEOS_DEPLOYMENT_TARGET = 16.2;
				MTL_ENABLE_DEBUG_INFO = NO;
				MTL_FAST_MATH = YES;
				SDKROOT = iphoneos;
				SWIFT_COMPILATION_MODE = wholemodule;
				SWIFT_OPTIMIZATION_LEVEL = "-O";
				VALIDATE_PRODUCT = YES;
			};
			name = Release;
		};
		9813A38E2A8254D00036F556 /* Debug */ = {
			isa = XCBuildConfiguration;
			buildSettings = {
				ASSETCATALOG_COMPILER_APPICON_NAME = AppIcon;
				ASSETCATALOG_COMPILER_GLOBAL_ACCENT_COLOR_NAME = AccentColor;
				CODE_SIGN_STYLE = Automatic;
				CURRENT_PROJECT_VERSION = 1;
				DEVELOPMENT_TEAM = ZPQX25J7UP;
				GENERATE_INFOPLIST_FILE = YES;
				INFOPLIST_FILE = MangopayDemo/Info.plist;
				INFOPLIST_KEY_UIApplicationSupportsIndirectInputEvents = YES;
				INFOPLIST_KEY_UILaunchStoryboardName = LaunchScreen;
				INFOPLIST_KEY_UIMainStoryboardFile = Main;
				INFOPLIST_KEY_UISupportedInterfaceOrientations_iPad = "UIInterfaceOrientationPortrait UIInterfaceOrientationPortraitUpsideDown UIInterfaceOrientationLandscapeLeft UIInterfaceOrientationLandscapeRight";
				INFOPLIST_KEY_UISupportedInterfaceOrientations_iPhone = "UIInterfaceOrientationPortrait UIInterfaceOrientationLandscapeLeft UIInterfaceOrientationLandscapeRight";
				LD_RUNPATH_SEARCH_PATHS = (
					"$(inherited)",
					"@executable_path/Frameworks",
				);
				MARKETING_VERSION = 1.0;
				PRODUCT_BUNDLE_IDENTIFIER = com.mangopay.demo.app.MangopayDemo;
				PRODUCT_NAME = "$(TARGET_NAME)";
				SWIFT_EMIT_LOC_STRINGS = YES;
				SWIFT_VERSION = 5.0;
				TARGETED_DEVICE_FAMILY = "1,2";
			};
			name = Debug;
		};
		9813A38F2A8254D00036F556 /* Release */ = {
			isa = XCBuildConfiguration;
			buildSettings = {
				ASSETCATALOG_COMPILER_APPICON_NAME = AppIcon;
				ASSETCATALOG_COMPILER_GLOBAL_ACCENT_COLOR_NAME = AccentColor;
				CODE_SIGN_STYLE = Automatic;
				CURRENT_PROJECT_VERSION = 1;
				DEVELOPMENT_TEAM = ZPQX25J7UP;
				GENERATE_INFOPLIST_FILE = YES;
				INFOPLIST_FILE = MangopayDemo/Info.plist;
				INFOPLIST_KEY_UIApplicationSupportsIndirectInputEvents = YES;
				INFOPLIST_KEY_UILaunchStoryboardName = LaunchScreen;
				INFOPLIST_KEY_UIMainStoryboardFile = Main;
				INFOPLIST_KEY_UISupportedInterfaceOrientations_iPad = "UIInterfaceOrientationPortrait UIInterfaceOrientationPortraitUpsideDown UIInterfaceOrientationLandscapeLeft UIInterfaceOrientationLandscapeRight";
				INFOPLIST_KEY_UISupportedInterfaceOrientations_iPhone = "UIInterfaceOrientationPortrait UIInterfaceOrientationLandscapeLeft UIInterfaceOrientationLandscapeRight";
				LD_RUNPATH_SEARCH_PATHS = (
					"$(inherited)",
					"@executable_path/Frameworks",
				);
				MARKETING_VERSION = 1.0;
				PRODUCT_BUNDLE_IDENTIFIER = com.mangopay.demo.app.MangopayDemo;
				PRODUCT_NAME = "$(TARGET_NAME)";
				SWIFT_EMIT_LOC_STRINGS = YES;
				SWIFT_VERSION = 5.0;
				TARGETED_DEVICE_FAMILY = "1,2";
			};
			name = Release;
		};
		9813A3912A8254D00036F556 /* Debug */ = {
			isa = XCBuildConfiguration;
			buildSettings = {
				ALWAYS_EMBED_SWIFT_STANDARD_LIBRARIES = YES;
				BUNDLE_LOADER = "$(TEST_HOST)";
				CODE_SIGN_STYLE = Automatic;
				CURRENT_PROJECT_VERSION = 1;
				DEVELOPMENT_TEAM = ZPQX25J7UP;
				GENERATE_INFOPLIST_FILE = YES;
				IPHONEOS_DEPLOYMENT_TARGET = 16.2;
				MARKETING_VERSION = 1.0;
				PRODUCT_BUNDLE_IDENTIFIER = com.mangopay.demo.app.MangopayDemoTests;
				PRODUCT_NAME = "$(TARGET_NAME)";
				SWIFT_EMIT_LOC_STRINGS = NO;
				SWIFT_VERSION = 5.0;
				TARGETED_DEVICE_FAMILY = "1,2";
				TEST_HOST = "$(BUILT_PRODUCTS_DIR)/MangopayDemo.app/$(BUNDLE_EXECUTABLE_FOLDER_PATH)/MangopayDemo";
			};
			name = Debug;
		};
		9813A3922A8254D00036F556 /* Release */ = {
			isa = XCBuildConfiguration;
			buildSettings = {
				ALWAYS_EMBED_SWIFT_STANDARD_LIBRARIES = YES;
				BUNDLE_LOADER = "$(TEST_HOST)";
				CODE_SIGN_STYLE = Automatic;
				CURRENT_PROJECT_VERSION = 1;
				DEVELOPMENT_TEAM = ZPQX25J7UP;
				GENERATE_INFOPLIST_FILE = YES;
				IPHONEOS_DEPLOYMENT_TARGET = 16.2;
				MARKETING_VERSION = 1.0;
				PRODUCT_BUNDLE_IDENTIFIER = com.mangopay.demo.app.MangopayDemoTests;
				PRODUCT_NAME = "$(TARGET_NAME)";
				SWIFT_EMIT_LOC_STRINGS = NO;
				SWIFT_VERSION = 5.0;
				TARGETED_DEVICE_FAMILY = "1,2";
				TEST_HOST = "$(BUILT_PRODUCTS_DIR)/MangopayDemo.app/$(BUNDLE_EXECUTABLE_FOLDER_PATH)/MangopayDemo";
			};
			name = Release;
		};
		9813A3942A8254D00036F556 /* Debug */ = {
			isa = XCBuildConfiguration;
			buildSettings = {
				ALWAYS_EMBED_SWIFT_STANDARD_LIBRARIES = YES;
				CODE_SIGN_STYLE = Automatic;
				CURRENT_PROJECT_VERSION = 1;
				DEVELOPMENT_TEAM = ZPQX25J7UP;
				GENERATE_INFOPLIST_FILE = YES;
				MARKETING_VERSION = 1.0;
				PRODUCT_BUNDLE_IDENTIFIER = com.mangopay.demo.app.MangopayDemoUITests;
				PRODUCT_NAME = "$(TARGET_NAME)";
				SWIFT_EMIT_LOC_STRINGS = NO;
				SWIFT_VERSION = 5.0;
				TARGETED_DEVICE_FAMILY = "1,2";
				TEST_TARGET_NAME = MangopayDemo;
			};
			name = Debug;
		};
		9813A3952A8254D00036F556 /* Release */ = {
			isa = XCBuildConfiguration;
			buildSettings = {
				ALWAYS_EMBED_SWIFT_STANDARD_LIBRARIES = YES;
				CODE_SIGN_STYLE = Automatic;
				CURRENT_PROJECT_VERSION = 1;
				DEVELOPMENT_TEAM = ZPQX25J7UP;
				GENERATE_INFOPLIST_FILE = YES;
				MARKETING_VERSION = 1.0;
				PRODUCT_BUNDLE_IDENTIFIER = com.mangopay.demo.app.MangopayDemoUITests;
				PRODUCT_NAME = "$(TARGET_NAME)";
				SWIFT_EMIT_LOC_STRINGS = NO;
				SWIFT_VERSION = 5.0;
				TARGETED_DEVICE_FAMILY = "1,2";
				TEST_TARGET_NAME = MangopayDemo;
			};
			name = Release;
		};
/* End XCBuildConfiguration section */

/* Begin XCConfigurationList section */
		9813A35E2A8254CD0036F556 /* Build configuration list for PBXProject "MangopayDemo" */ = {
			isa = XCConfigurationList;
			buildConfigurations = (
				9813A38B2A8254D00036F556 /* Debug */,
				9813A38C2A8254D00036F556 /* Release */,
			);
			defaultConfigurationIsVisible = 0;
			defaultConfigurationName = Release;
		};
		9813A38D2A8254D00036F556 /* Build configuration list for PBXNativeTarget "MangopayDemo" */ = {
			isa = XCConfigurationList;
			buildConfigurations = (
				9813A38E2A8254D00036F556 /* Debug */,
				9813A38F2A8254D00036F556 /* Release */,
			);
			defaultConfigurationIsVisible = 0;
			defaultConfigurationName = Release;
		};
		9813A3902A8254D00036F556 /* Build configuration list for PBXNativeTarget "MangopayDemoTests" */ = {
			isa = XCConfigurationList;
			buildConfigurations = (
				9813A3912A8254D00036F556 /* Debug */,
				9813A3922A8254D00036F556 /* Release */,
			);
			defaultConfigurationIsVisible = 0;
			defaultConfigurationName = Release;
		};
		9813A3932A8254D00036F556 /* Build configuration list for PBXNativeTarget "MangopayDemoUITests" */ = {
			isa = XCConfigurationList;
			buildConfigurations = (
				9813A3942A8254D00036F556 /* Debug */,
				9813A3952A8254D00036F556 /* Release */,
			);
			defaultConfigurationIsVisible = 0;
			defaultConfigurationName = Release;
		};
/* End XCConfigurationList section */

/* Begin XCRemoteSwiftPackageReference section */
		98D535842A82661800EE6381 /* XCRemoteSwiftPackageReference "IQKeyboardManager" */ = {
			isa = XCRemoteSwiftPackageReference;
			repositoryURL = "https://github.com/hackiftekhar/IQKeyboardManager.git";
			requirement = {
				branch = master;
				kind = branch;
			};
		};
		98DF69A42A83B3EA00B08198 /* XCRemoteSwiftPackageReference "netfox" */ = {
			isa = XCRemoteSwiftPackageReference;
			repositoryURL = "https://github.com/kasketis/netfox";
			requirement = {
				branch = develop;
				kind = branch;
			};
		};
/* End XCRemoteSwiftPackageReference section */

/* Begin XCSwiftPackageProductDependency section */
		98D5357E2A82656400EE6381 /* MangoPayCoreiOS */ = {
			isa = XCSwiftPackageProductDependency;
			productName = MangoPayCoreiOS;
		};
		98D535802A82656400EE6381 /* MangoPayIntent */ = {
			isa = XCSwiftPackageProductDependency;
			productName = MangoPayIntent;
		};
		98D535822A82656400EE6381 /* MangoPaySdkAPI */ = {
			isa = XCSwiftPackageProductDependency;
			productName = MangoPaySdkAPI;
		};
		98D535852A82661800EE6381 /* IQKeyboardManagerSwift */ = {
			isa = XCSwiftPackageProductDependency;
			package = 98D535842A82661800EE6381 /* XCRemoteSwiftPackageReference "IQKeyboardManager" */;
			productName = IQKeyboardManagerSwift;
		};
		98DF69A52A83B3EA00B08198 /* netfox */ = {
			isa = XCSwiftPackageProductDependency;
			package = 98DF69A42A83B3EA00B08198 /* XCRemoteSwiftPackageReference "netfox" */;
			productName = netfox;
		};
/* End XCSwiftPackageProductDependency section */
	};
	rootObject = 9813A35B2A8254CD0036F556 /* Project object */;
}
