{
  "originHash" : "b86f0a7203a1094329debea3650a5be073d1acd015e6e55bd40b5668c80d01da",
  "pins" : [
    {
      "identity" : "iqkeyboardmanager",
      "kind" : "remoteSourceControl",
      "location" : "https://github.com/hackiftekhar/IQKeyboardManager.git",
      "state" : {
        "branch" : "master",
        "revision" : "f137f7ffc158c09582574d0abf1ffaf6108ad88e"
      }
    },
    {
      "identity" : "mangopay-ios-vault-sdk",
      "kind" : "remoteSourceControl",
      "location" : "https://github.com/Mangopay/mangopay-ios-vault-sdk",
      "state" : {
        "revision" : "ce8a8a8b71286377afcbe8d076c8074b9f21a33f",
        "version" : "1.0.9"
      }
    },
    {
      "identity" : "netfox",
      "kind" : "remoteSourceControl",
      "location" : "https://github.com/kasketis/netfox",
      "state" : {
        "branch" : "develop",
        "revision" : "150d41ac4e3b49d80bc5508c5c6895ca057e5d8e"
      }
    },
    {
      "identity" : "paypal-ios",
      "kind" : "remoteSourceControl",
      "location" : "https://github.com/paypal/paypal-ios/",
      "state" : {
        "revision" : "99ed704bd640c480dacd8be01f023c977d244132",
        "version" : "1.4.0"
      }
    },
    {
      "identity" : "sentry-cocoa",
      "kind" : "remoteSourceControl",
      "location" : "https://github.com/getsentry/sentry-cocoa",
      "state" : {
        "revision" : "56157a1aea8c49a1050c1845033089bf813ea3c5",
        "version" : "8.22.2"
      }
    }
  ],
  "version" : 3
}
