{
  "pins" : [
    {
      "identity" : "iqkeyboardmanager",
      "kind" : "remoteSourceControl",
      "location" : "https://github.com/hackiftekhar/IQKeyboardManager.git",
      "state" : {
        "branch" : "master",
        "revision" : "f137f7ffc158c09582574d0abf1ffaf6108ad88e"
      }
    },
    {
      "identity" : "netfox",
      "kind" : "remoteSourceControl",
      "location" : "https://github.com/kasketis/netfox",
      "state" : {
        "branch" : "develop",
        "revision" : "150d41ac4e3b49d80bc5508c5c6895ca057e5d8e"
      }
    }
  ],
  "version" : 2
}
