// !$*UTF8*$!
{
	archiveVersion = 1;
	classes = {
	};
	objectVersion = 55;
	objects = {

/* Begin PBXBuildFile section */
		98835AFF29C9DC9E0085F51C /* ViewController.swift in Sources */ = {isa = PBXBuildFile; fileRef = 98835AE929C9DC9E0085F51C /* ViewController.swift */; };
		98835B0029C9DC9E0085F51C /* DemoPaymentForm.swift in Sources */ = {isa = PBXBuildFile; fileRef = 98835AEA29C9DC9E0085F51C /* DemoPaymentForm.swift */; };
		98835B0129C9DC9E0085F51C /* UIViewController+extensions.swift in Sources */ = {isa = PBXBuildFile; fileRef = 98835AEB29C9DC9E0085F51C /* UIViewController+extensions.swift */; };
		98835B0229C9DC9E0085F51C /* ItemCell.xib in Resources */ = {isa = PBXBuildFile; fileRef = 98835AEC29C9DC9E0085F51C /* ItemCell.xib */; };
		98835B0329C9DC9E0085F51C /* ItemCell.swift in Sources */ = {isa = PBXBuildFile; fileRef = 98835AED29C9DC9E0085F51C /* ItemCell.swift */; };
		98835B0429C9DC9E0085F51C /* CongratsView.swift in Sources */ = {isa = PBXBuildFile; fileRef = 98835AEE29C9DC9E0085F51C /* CongratsView.swift */; };
		98835B0529C9DC9E0085F51C /* Assets.xcassets in Resources */ = {isa = PBXBuildFile; fileRef = 98835AEF29C9DC9E0085F51C /* Assets.xcassets */; };
		98835B0629C9DC9E0085F51C /* CongratsController.swift in Sources */ = {isa = PBXBuildFile; fileRef = 98835AF029C9DC9E0085F51C /* CongratsController.swift */; };
		98835B0729C9DC9E0085F51C /* LaunchScreen.storyboard in Resources */ = {isa = PBXBuildFile; fileRef = 98835AF129C9DC9E0085F51C /* LaunchScreen.storyboard */; };
		98835B0829C9DC9E0085F51C /* Main.storyboard in Resources */ = {isa = PBXBuildFile; fileRef = 98835AF329C9DC9E0085F51C /* Main.storyboard */; };
		98835B0929C9DC9E0085F51C /* ProductListController.swift in Sources */ = {isa = PBXBuildFile; fileRef = 98835AF529C9DC9E0085F51C /* ProductListController.swift */; };
		98835B0A29C9DC9E0085F51C /* LaunchScreen.strings in Resources */ = {isa = PBXBuildFile; fileRef = 98835AF629C9DC9E0085F51C /* LaunchScreen.strings */; };
		98835B0B29C9DC9E0085F51C /* Main.strings in Resources */ = {isa = PBXBuildFile; fileRef = 98835AF829C9DC9E0085F51C /* Main.strings */; };
		98835B0C29C9DC9E0085F51C /* AppDelegate.swift in Sources */ = {isa = PBXBuildFile; fileRef = 98835AFA29C9DC9E0085F51C /* AppDelegate.swift */; };
		98835B0D29C9DC9E0085F51C /* CongratsController.xib in Resources */ = {isa = PBXBuildFile; fileRef = 98835AFB29C9DC9E0085F51C /* CongratsController.xib */; };
		98835B0E29C9DC9E0085F51C /* CongratsView.xib in Resources */ = {isa = PBXBuildFile; fileRef = 98835AFC29C9DC9E0085F51C /* CongratsView.xib */; };
		98835B1029C9DC9E0085F51C /* SceneDelegate.swift in Sources */ = {isa = PBXBuildFile; fileRef = 98835AFE29C9DC9E0085F51C /* SceneDelegate.swift */; };
		98B6BE2029E6FFF100E9C30A /* netfox in Frameworks */ = {isa = PBXBuildFile; productRef = 98B6BE1F29E6FFF100E9C30A /* netfox */; };
		98B6BE2229E6FFFA00E9C30A /* MangoPayCoreiOS in Frameworks */ = {isa = PBXBuildFile; productRef = 98B6BE2129E6FFFA00E9C30A /* MangoPayCoreiOS */; };
		98B6BE2629E6FFFA00E9C30A /* MangoPaySdkAPI in Frameworks */ = {isa = PBXBuildFile; productRef = 98B6BE2529E6FFFA00E9C30A /* MangoPaySdkAPI */; };
		98B6BE2829E6FFFA00E9C30A /* MangoPayVault in Frameworks */ = {isa = PBXBuildFile; productRef = 98B6BE2729E6FFFA00E9C30A /* MangoPayVault */; };
/* End PBXBuildFile section */

/* Begin PBXFileReference section */
		98835AE929C9DC9E0085F51C /* ViewController.swift */ = {isa = PBXFileReference; fileEncoding = 4; lastKnownFileType = sourcecode.swift; path = ViewController.swift; sourceTree = "<group>"; };
		98835AEA29C9DC9E0085F51C /* DemoPaymentForm.swift */ = {isa = PBXFileReference; fileEncoding = 4; lastKnownFileType = sourcecode.swift; path = DemoPaymentForm.swift; sourceTree = "<group>"; };
		98835AEB29C9DC9E0085F51C /* UIViewController+extensions.swift */ = {isa = PBXFileReference; fileEncoding = 4; lastKnownFileType = sourcecode.swift; path = "UIViewController+extensions.swift"; sourceTree = "<group>"; };
		98835AEC29C9DC9E0085F51C /* ItemCell.xib */ = {isa = PBXFileReference; fileEncoding = 4; lastKnownFileType = file.xib; path = ItemCell.xib; sourceTree = "<group>"; };
		98835AED29C9DC9E0085F51C /* ItemCell.swift */ = {isa = PBXFileReference; fileEncoding = 4; lastKnownFileType = sourcecode.swift; path = ItemCell.swift; sourceTree = "<group>"; };
		98835AEE29C9DC9E0085F51C /* CongratsView.swift */ = {isa = PBXFileReference; fileEncoding = 4; lastKnownFileType = sourcecode.swift; path = CongratsView.swift; sourceTree = "<group>"; };
		98835AEF29C9DC9E0085F51C /* Assets.xcassets */ = {isa = PBXFileReference; lastKnownFileType = folder.assetcatalog; path = Assets.xcassets; sourceTree = "<group>"; };
		98835AF029C9DC9E0085F51C /* CongratsController.swift */ = {isa = PBXFileReference; fileEncoding = 4; lastKnownFileType = sourcecode.swift; path = CongratsController.swift; sourceTree = "<group>"; };
		98835AF229C9DC9E0085F51C /* Base */ = {isa = PBXFileReference; lastKnownFileType = file.storyboard; name = Base; path = Base.lproj/LaunchScreen.storyboard; sourceTree = "<group>"; };
		98835AF429C9DC9E0085F51C /* Base */ = {isa = PBXFileReference; lastKnownFileType = file.storyboard; name = Base; path = Base.lproj/Main.storyboard; sourceTree = "<group>"; };
		98835AF529C9DC9E0085F51C /* ProductListController.swift */ = {isa = PBXFileReference; fileEncoding = 4; lastKnownFileType = sourcecode.swift; path = ProductListController.swift; sourceTree = "<group>"; };
		98835AF729C9DC9E0085F51C /* fr */ = {isa = PBXFileReference; lastKnownFileType = text.plist.strings; name = fr; path = fr.lproj/LaunchScreen.strings; sourceTree = "<group>"; };
		98835AF929C9DC9E0085F51C /* fr */ = {isa = PBXFileReference; lastKnownFileType = text.plist.strings; name = fr; path = fr.lproj/Main.strings; sourceTree = "<group>"; };
		98835AFA29C9DC9E0085F51C /* AppDelegate.swift */ = {isa = PBXFileReference; fileEncoding = 4; lastKnownFileType = sourcecode.swift; path = AppDelegate.swift; sourceTree = "<group>"; };
		98835AFB29C9DC9E0085F51C /* CongratsController.xib */ = {isa = PBXFileReference; fileEncoding = 4; lastKnownFileType = file.xib; path = CongratsController.xib; sourceTree = "<group>"; };
		98835AFC29C9DC9E0085F51C /* CongratsView.xib */ = {isa = PBXFileReference; fileEncoding = 4; lastKnownFileType = file.xib; path = CongratsView.xib; sourceTree = "<group>"; };
		98835AFD29C9DC9E0085F51C /* Info.plist */ = {isa = PBXFileReference; fileEncoding = 4; lastKnownFileType = text.plist.xml; path = Info.plist; sourceTree = "<group>"; };
		98835AFE29C9DC9E0085F51C /* SceneDelegate.swift */ = {isa = PBXFileReference; fileEncoding = 4; lastKnownFileType = sourcecode.swift; path = SceneDelegate.swift; sourceTree = "<group>"; };
		98835B1129C9DDA70085F51C /* MangoPayExampleCheckout.entitlements */ = {isa = PBXFileReference; fileEncoding = 4; lastKnownFileType = text.plist.entitlements; path = MangoPayExampleCheckout.entitlements; sourceTree = "<group>"; };
		98B6BE1D29E6FD6300E9C30A /* MangoPayiOSSDK */ = {isa = PBXFileReference; lastKnownFileType = wrapper; name = MangoPayiOSSDK; path = ../..; sourceTree = "<group>"; };
		98C3894528F7DBCA0000BD84 /* MangoPayExampleCheckout.app */ = {isa = PBXFileReference; explicitFileType = wrapper.application; includeInIndex = 0; path = MangoPayExampleCheckout.app; sourceTree = BUILT_PRODUCTS_DIR; };
/* End PBXFileReference section */

/* Begin PBXFrameworksBuildPhase section */
		98C3894228F7DBCA0000BD84 /* Frameworks */ = {
			isa = PBXFrameworksBuildPhase;
			buildActionMask = 2147483647;
			files = (
				98B6BE2029E6FFF100E9C30A /* netfox in Frameworks */,
				98B6BE2629E6FFFA00E9C30A /* MangoPaySdkAPI in Frameworks */,
				98B6BE2829E6FFFA00E9C30A /* MangoPayVault in Frameworks */,
				98B6BE2229E6FFFA00E9C30A /* MangoPayCoreiOS in Frameworks */,
			);
			runOnlyForDeploymentPostprocessing = 0;
		};
/* End PBXFrameworksBuildPhase section */

/* Begin PBXGroup section */
		98835AE729C9DC9E0085F51C /* MangoPayExampleCheckout */ = {
			isa = PBXGroup;
			children = (
				98835AE929C9DC9E0085F51C /* ViewController.swift */,
				98835B1129C9DDA70085F51C /* MangoPayExampleCheckout.entitlements */,
				98835AEA29C9DC9E0085F51C /* DemoPaymentForm.swift */,
				98835AEB29C9DC9E0085F51C /* UIViewController+extensions.swift */,
				98835AEC29C9DC9E0085F51C /* ItemCell.xib */,
				98835AED29C9DC9E0085F51C /* ItemCell.swift */,
				98835AEE29C9DC9E0085F51C /* CongratsView.swift */,
				98835AEF29C9DC9E0085F51C /* Assets.xcassets */,
				98835AF029C9DC9E0085F51C /* CongratsController.swift */,
				98835AF129C9DC9E0085F51C /* LaunchScreen.storyboard */,
				98835AF329C9DC9E0085F51C /* Main.storyboard */,
				98835AF529C9DC9E0085F51C /* ProductListController.swift */,
				98835AF629C9DC9E0085F51C /* LaunchScreen.strings */,
				98835AF829C9DC9E0085F51C /* Main.strings */,
				98835AFA29C9DC9E0085F51C /* AppDelegate.swift */,
				98835AFB29C9DC9E0085F51C /* CongratsController.xib */,
				98835AFC29C9DC9E0085F51C /* CongratsView.xib */,
				98835AFD29C9DC9E0085F51C /* Info.plist */,
				98835AFE29C9DC9E0085F51C /* SceneDelegate.swift */,
			);
			path = MangoPayExampleCheckout;
			sourceTree = "<group>";
		};
		98C3893C28F7DBCA0000BD84 = {
			isa = PBXGroup;
			children = (
				98835AE729C9DC9E0085F51C /* MangoPayExampleCheckout */,
				98C3895D28F7DC560000BD84 /* Packages */,
				98C3894628F7DBCA0000BD84 /* Products */,
				98C3895F28F7DDB60000BD84 /* Frameworks */,
			);
			sourceTree = "<group>";
		};
		98C3894628F7DBCA0000BD84 /* Products */ = {
			isa = PBXGroup;
			children = (
				98C3894528F7DBCA0000BD84 /* MangoPayExampleCheckout.app */,
			);
			name = Products;
			sourceTree = "<group>";
		};
		98C3895D28F7DC560000BD84 /* Packages */ = {
			isa = PBXGroup;
			children = (
				98B6BE1D29E6FD6300E9C30A /* MangoPayiOSSDK */,
			);
			name = Packages;
			sourceTree = "<group>";
		};
		98C3895F28F7DDB60000BD84 /* Frameworks */ = {
			isa = PBXGroup;
			children = (
			);
			name = Frameworks;
			sourceTree = "<group>";
		};
/* End PBXGroup section */

/* Begin PBXNativeTarget section */
		98C3894428F7DBCA0000BD84 /* MangoPayExampleCheckout */ = {
			isa = PBXNativeTarget;
			buildConfigurationList = 98C3895928F7DBCD0000BD84 /* Build configuration list for PBXNativeTarget "MangoPayExampleCheckout" */;
			buildPhases = (
				98C3894128F7DBCA0000BD84 /* Sources */,
				98C3894228F7DBCA0000BD84 /* Frameworks */,
				98C3894328F7DBCA0000BD84 /* Resources */,
			);
			buildRules = (
			);
			dependencies = (
			);
			name = MangoPayExampleCheckout;
			packageProductDependencies = (
				98B6BE1F29E6FFF100E9C30A /* netfox */,
				98B6BE2129E6FFFA00E9C30A /* MangoPayCoreiOS */,
				98B6BE2529E6FFFA00E9C30A /* MangoPaySdkAPI */,
				98B6BE2729E6FFFA00E9C30A /* MangoPayVault */,
			);
			productName = WhenThenExampleCheckout;
			productReference = 98C3894528F7DBCA0000BD84 /* MangoPayExampleCheckout.app */;
			productType = "com.apple.product-type.application";
		};
/* End PBXNativeTarget section */

/* Begin PBXProject section */
		98C3893D28F7DBCA0000BD84 /* Project object */ = {
			isa = PBXProject;
			attributes = {
				BuildIndependentTargetsInParallel = 1;
				LastSwiftUpdateCheck = 1340;
				LastUpgradeCheck = 1340;
				TargetAttributes = {
					98C3894428F7DBCA0000BD84 = {
						CreatedOnToolsVersion = 13.4.1;
					};
				};
			};
			buildConfigurationList = 98C3894028F7DBCA0000BD84 /* Build configuration list for PBXProject "MangoPayExampleCheckout" */;
			compatibilityVersion = "Xcode 13.0";
			developmentRegion = en;
			hasScannedForEncodings = 0;
			knownRegions = (
				en,
				Base,
				fr,
			);
			mainGroup = 98C3893C28F7DBCA0000BD84;
			packageReferences = (
				98B6BE1E29E6FE8600E9C30A /* XCRemoteSwiftPackageReference "netfox" */,
			);
			productRefGroup = 98C3894628F7DBCA0000BD84 /* Products */;
			projectDirPath = "";
			projectRoot = "";
			targets = (
				98C3894428F7DBCA0000BD84 /* MangoPayExampleCheckout */,
			);
		};
/* End PBXProject section */

/* Begin PBXResourcesBuildPhase section */
		98C3894328F7DBCA0000BD84 /* Resources */ = {
			isa = PBXResourcesBuildPhase;
			buildActionMask = 2147483647;
			files = (
				98835B0729C9DC9E0085F51C /* LaunchScreen.storyboard in Resources */,
				98835B0D29C9DC9E0085F51C /* CongratsController.xib in Resources */,
				98835B0529C9DC9E0085F51C /* Assets.xcassets in Resources */,
				98835B0229C9DC9E0085F51C /* ItemCell.xib in Resources */,
				98835B0B29C9DC9E0085F51C /* Main.strings in Resources */,
				98835B0E29C9DC9E0085F51C /* CongratsView.xib in Resources */,
				98835B0A29C9DC9E0085F51C /* LaunchScreen.strings in Resources */,
				98835B0829C9DC9E0085F51C /* Main.storyboard in Resources */,
			);
			runOnlyForDeploymentPostprocessing = 0;
		};
/* End PBXResourcesBuildPhase section */

/* Begin PBXSourcesBuildPhase section */
		98C3894128F7DBCA0000BD84 /* Sources */ = {
			isa = PBXSourcesBuildPhase;
			buildActionMask = 2147483647;
			files = (
				98835B0C29C9DC9E0085F51C /* AppDelegate.swift in Sources */,
				98835B0629C9DC9E0085F51C /* CongratsController.swift in Sources */,
				98835B1029C9DC9E0085F51C /* SceneDelegate.swift in Sources */,
				98835B0329C9DC9E0085F51C /* ItemCell.swift in Sources */,
				98835AFF29C9DC9E0085F51C /* ViewController.swift in Sources */,
				98835B0429C9DC9E0085F51C /* CongratsView.swift in Sources */,
				98835B0129C9DC9E0085F51C /* UIViewController+extensions.swift in Sources */,
				98835B0929C9DC9E0085F51C /* ProductListController.swift in Sources */,
				98835B0029C9DC9E0085F51C /* DemoPaymentForm.swift in Sources */,
			);
			runOnlyForDeploymentPostprocessing = 0;
		};
/* End PBXSourcesBuildPhase section */

/* Begin PBXVariantGroup section */
		98835AF129C9DC9E0085F51C /* LaunchScreen.storyboard */ = {
			isa = PBXVariantGroup;
			children = (
				98835AF229C9DC9E0085F51C /* Base */,
			);
			name = LaunchScreen.storyboard;
			sourceTree = "<group>";
		};
		98835AF329C9DC9E0085F51C /* Main.storyboard */ = {
			isa = PBXVariantGroup;
			children = (
				98835AF429C9DC9E0085F51C /* Base */,
			);
			name = Main.storyboard;
			sourceTree = "<group>";
		};
		98835AF629C9DC9E0085F51C /* LaunchScreen.strings */ = {
			isa = PBXVariantGroup;
			children = (
				98835AF729C9DC9E0085F51C /* fr */,
			);
			name = LaunchScreen.strings;
			sourceTree = "<group>";
		};
		98835AF829C9DC9E0085F51C /* Main.strings */ = {
			isa = PBXVariantGroup;
			children = (
				98835AF929C9DC9E0085F51C /* fr */,
			);
			name = Main.strings;
			sourceTree = "<group>";
		};
/* End PBXVariantGroup section */

/* Begin XCBuildConfiguration section */
		98C3895728F7DBCD0000BD84 /* Debug */ = {
			isa = XCBuildConfiguration;
			buildSettings = {
				ALWAYS_SEARCH_USER_PATHS = NO;
				CLANG_ANALYZER_LOCALIZABILITY_NONLOCALIZED = YES;
				CLANG_ANALYZER_NONNULL = YES;
				CLANG_ANALYZER_NUMBER_OBJECT_CONVERSION = YES_AGGRESSIVE;
				CLANG_CXX_LANGUAGE_STANDARD = "gnu++17";
				CLANG_ENABLE_MODULES = YES;
				CLANG_ENABLE_OBJC_ARC = YES;
				CLANG_ENABLE_OBJC_WEAK = YES;
				CLANG_WARN_BLOCK_CAPTURE_AUTORELEASING = YES;
				CLANG_WARN_BOOL_CONVERSION = YES;
				CLANG_WARN_COMMA = YES;
				CLANG_WARN_CONSTANT_CONVERSION = YES;
				CLANG_WARN_DEPRECATED_OBJC_IMPLEMENTATIONS = YES;
				CLANG_WARN_DIRECT_OBJC_ISA_USAGE = YES_ERROR;
				CLANG_WARN_DOCUMENTATION_COMMENTS = YES;
				CLANG_WARN_EMPTY_BODY = YES;
				CLANG_WARN_ENUM_CONVERSION = YES;
				CLANG_WARN_INFINITE_RECURSION = YES;
				CLANG_WARN_INT_CONVERSION = YES;
				CLANG_WARN_NON_LITERAL_NULL_CONVERSION = YES;
				CLANG_WARN_OBJC_IMPLICIT_RETAIN_SELF = YES;
				CLANG_WARN_OBJC_LITERAL_CONVERSION = YES;
				CLANG_WARN_OBJC_ROOT_CLASS = YES_ERROR;
				CLANG_WARN_QUOTED_INCLUDE_IN_FRAMEWORK_HEADER = YES;
				CLANG_WARN_RANGE_LOOP_ANALYSIS = YES;
				CLANG_WARN_STRICT_PROTOTYPES = YES;
				CLANG_WARN_SUSPICIOUS_MOVE = YES;
				CLANG_WARN_UNGUARDED_AVAILABILITY = YES_AGGRESSIVE;
				CLANG_WARN_UNREACHABLE_CODE = YES;
				CLANG_WARN__DUPLICATE_METHOD_MATCH = YES;
				COPY_PHASE_STRIP = NO;
				DEBUG_INFORMATION_FORMAT = dwarf;
				ENABLE_STRICT_OBJC_MSGSEND = YES;
				ENABLE_TESTABILITY = YES;
				GCC_C_LANGUAGE_STANDARD = gnu11;
				GCC_DYNAMIC_NO_PIC = NO;
				GCC_NO_COMMON_BLOCKS = YES;
				GCC_OPTIMIZATION_LEVEL = 0;
				GCC_PREPROCESSOR_DEFINITIONS = (
					"DEBUG=1",
					"$(inherited)",
				);
				GCC_WARN_64_TO_32_BIT_CONVERSION = YES;
				GCC_WARN_ABOUT_RETURN_TYPE = YES_ERROR;
				GCC_WARN_UNDECLARED_SELECTOR = YES;
				GCC_WARN_UNINITIALIZED_AUTOS = YES_AGGRESSIVE;
				GCC_WARN_UNUSED_FUNCTION = YES;
				GCC_WARN_UNUSED_VARIABLE = YES;
				IPHONEOS_DEPLOYMENT_TARGET = 15.5;
				MTL_ENABLE_DEBUG_INFO = INCLUDE_SOURCE;
				MTL_FAST_MATH = YES;
				ONLY_ACTIVE_ARCH = YES;
				SDKROOT = iphoneos;
				SWIFT_ACTIVE_COMPILATION_CONDITIONS = DEBUG;
				SWIFT_OPTIMIZATION_LEVEL = "-Onone";
			};
			name = Debug;
		};
		98C3895828F7DBCD0000BD84 /* Release */ = {
			isa = XCBuildConfiguration;
			buildSettings = {
				ALWAYS_SEARCH_USER_PATHS = NO;
				CLANG_ANALYZER_LOCALIZABILITY_NONLOCALIZED = YES;
				CLANG_ANALYZER_NONNULL = YES;
				CLANG_ANALYZER_NUMBER_OBJECT_CONVERSION = YES_AGGRESSIVE;
				CLANG_CXX_LANGUAGE_STANDARD = "gnu++17";
				CLANG_ENABLE_MODULES = YES;
				CLANG_ENABLE_OBJC_ARC = YES;
				CLANG_ENABLE_OBJC_WEAK = YES;
				CLANG_WARN_BLOCK_CAPTURE_AUTORELEASING = YES;
				CLANG_WARN_BOOL_CONVERSION = YES;
				CLANG_WARN_COMMA = YES;
				CLANG_WARN_CONSTANT_CONVERSION = YES;
				CLANG_WARN_DEPRECATED_OBJC_IMPLEMENTATIONS = YES;
				CLANG_WARN_DIRECT_OBJC_ISA_USAGE = YES_ERROR;
				CLANG_WARN_DOCUMENTATION_COMMENTS = YES;
				CLANG_WARN_EMPTY_BODY = YES;
				CLANG_WARN_ENUM_CONVERSION = YES;
				CLANG_WARN_INFINITE_RECURSION = YES;
				CLANG_WARN_INT_CONVERSION = YES;
				CLANG_WARN_NON_LITERAL_NULL_CONVERSION = YES;
				CLANG_WARN_OBJC_IMPLICIT_RETAIN_SELF = YES;
				CLANG_WARN_OBJC_LITERAL_CONVERSION = YES;
				CLANG_WARN_OBJC_ROOT_CLASS = YES_ERROR;
				CLANG_WARN_QUOTED_INCLUDE_IN_FRAMEWORK_HEADER = YES;
				CLANG_WARN_RANGE_LOOP_ANALYSIS = YES;
				CLANG_WARN_STRICT_PROTOTYPES = YES;
				CLANG_WARN_SUSPICIOUS_MOVE = YES;
				CLANG_WARN_UNGUARDED_AVAILABILITY = YES_AGGRESSIVE;
				CLANG_WARN_UNREACHABLE_CODE = YES;
				CLANG_WARN__DUPLICATE_METHOD_MATCH = YES;
				COPY_PHASE_STRIP = NO;
				DEBUG_INFORMATION_FORMAT = "dwarf-with-dsym";
				ENABLE_NS_ASSERTIONS = NO;
				ENABLE_STRICT_OBJC_MSGSEND = YES;
				GCC_C_LANGUAGE_STANDARD = gnu11;
				GCC_NO_COMMON_BLOCKS = YES;
				GCC_WARN_64_TO_32_BIT_CONVERSION = YES;
				GCC_WARN_ABOUT_RETURN_TYPE = YES_ERROR;
				GCC_WARN_UNDECLARED_SELECTOR = YES;
				GCC_WARN_UNINITIALIZED_AUTOS = YES_AGGRESSIVE;
				GCC_WARN_UNUSED_FUNCTION = YES;
				GCC_WARN_UNUSED_VARIABLE = YES;
				IPHONEOS_DEPLOYMENT_TARGET = 15.5;
				MTL_ENABLE_DEBUG_INFO = NO;
				MTL_FAST_MATH = YES;
				SDKROOT = iphoneos;
				SWIFT_COMPILATION_MODE = wholemodule;
				SWIFT_OPTIMIZATION_LEVEL = "-O";
				VALIDATE_PRODUCT = YES;
			};
			name = Release;
		};
		98C3895A28F7DBCD0000BD84 /* Debug */ = {
			isa = XCBuildConfiguration;
			buildSettings = {
				ASSETCATALOG_COMPILER_APPICON_NAME = AppIcon;
				ASSETCATALOG_COMPILER_GLOBAL_ACCENT_COLOR_NAME = AccentColor;
				CODE_SIGN_ENTITLEMENTS = MangoPayExampleCheckout/MangoPayExampleCheckout.entitlements;
				CODE_SIGN_STYLE = Automatic;
				CURRENT_PROJECT_VERSION = 1;
				DEVELOPMENT_TEAM = 32324M49Q5;
				GENERATE_INFOPLIST_FILE = YES;
				INFOPLIST_FILE = MangoPayExampleCheckout/Info.plist;
				INFOPLIST_KEY_UIApplicationSupportsIndirectInputEvents = YES;
				INFOPLIST_KEY_UILaunchStoryboardName = LaunchScreen.storyboard;
				INFOPLIST_KEY_UIMainStoryboardFile = Main;
				INFOPLIST_KEY_UISupportedInterfaceOrientations_iPad = "UIInterfaceOrientationPortrait UIInterfaceOrientationPortraitUpsideDown UIInterfaceOrientationLandscapeLeft UIInterfaceOrientationLandscapeRight";
				INFOPLIST_KEY_UISupportedInterfaceOrientations_iPhone = "UIInterfaceOrientationPortrait UIInterfaceOrientationLandscapeLeft UIInterfaceOrientationLandscapeRight";
				LD_RUNPATH_SEARCH_PATHS = (
					"$(inherited)",
					"@executable_path/Frameworks",
				);
				MARKETING_VERSION = 1.0;
				PRODUCT_BUNDLE_IDENTIFIER = com.whenthen.checkout.WhenThenExampleCheckout;
				PRODUCT_NAME = "$(TARGET_NAME)";
				SWIFT_EMIT_LOC_STRINGS = YES;
				SWIFT_VERSION = 5.0;
				TARGETED_DEVICE_FAMILY = "1,2";
			};
			name = Debug;
		};
		98C3895B28F7DBCD0000BD84 /* Release */ = {
			isa = XCBuildConfiguration;
			buildSettings = {
				ASSETCATALOG_COMPILER_APPICON_NAME = AppIcon;
				ASSETCATALOG_COMPILER_GLOBAL_ACCENT_COLOR_NAME = AccentColor;
				CODE_SIGN_ENTITLEMENTS = MangoPayExampleCheckout/MangoPayExampleCheckout.entitlements;
				CODE_SIGN_STYLE = Automatic;
				CURRENT_PROJECT_VERSION = 1;
				DEVELOPMENT_TEAM = 32324M49Q5;
				GENERATE_INFOPLIST_FILE = YES;
				INFOPLIST_FILE = MangoPayExampleCheckout/Info.plist;
				INFOPLIST_KEY_UIApplicationSupportsIndirectInputEvents = YES;
				INFOPLIST_KEY_UILaunchStoryboardName = LaunchScreen.storyboard;
				INFOPLIST_KEY_UIMainStoryboardFile = Main;
				INFOPLIST_KEY_UISupportedInterfaceOrientations_iPad = "UIInterfaceOrientationPortrait UIInterfaceOrientationPortraitUpsideDown UIInterfaceOrientationLandscapeLeft UIInterfaceOrientationLandscapeRight";
				INFOPLIST_KEY_UISupportedInterfaceOrientations_iPhone = "UIInterfaceOrientationPortrait UIInterfaceOrientationLandscapeLeft UIInterfaceOrientationLandscapeRight";
				LD_RUNPATH_SEARCH_PATHS = (
					"$(inherited)",
					"@executable_path/Frameworks",
				);
				MARKETING_VERSION = 1.0;
				PRODUCT_BUNDLE_IDENTIFIER = com.whenthen.checkout.WhenThenExampleCheckout;
				PRODUCT_NAME = "$(TARGET_NAME)";
				SWIFT_EMIT_LOC_STRINGS = YES;
				SWIFT_VERSION = 5.0;
				TARGETED_DEVICE_FAMILY = "1,2";
			};
			name = Release;
		};
/* End XCBuildConfiguration section */

/* Begin XCConfigurationList section */
		98C3894028F7DBCA0000BD84 /* Build configuration list for PBXProject "MangoPayExampleCheckout" */ = {
			isa = XCConfigurationList;
			buildConfigurations = (
				98C3895728F7DBCD0000BD84 /* Debug */,
				98C3895828F7DBCD0000BD84 /* Release */,
			);
			defaultConfigurationIsVisible = 0;
			defaultConfigurationName = Release;
		};
		98C3895928F7DBCD0000BD84 /* Build configuration list for PBXNativeTarget "MangoPayExampleCheckout" */ = {
			isa = XCConfigurationList;
			buildConfigurations = (
				98C3895A28F7DBCD0000BD84 /* Debug */,
				98C3895B28F7DBCD0000BD84 /* Release */,
			);
			defaultConfigurationIsVisible = 0;
			defaultConfigurationName = Release;
		};
/* End XCConfigurationList section */

/* Begin XCRemoteSwiftPackageReference section */
		98B6BE1E29E6FE8600E9C30A /* XCRemoteSwiftPackageReference "netfox" */ = {
			isa = XCRemoteSwiftPackageReference;
			repositoryURL = "https://github.com/kasketis/netfox";
			requirement = {
				kind = upToNextMajorVersion;
				minimumVersion = 1.0.0;
			};
		};
/* End XCRemoteSwiftPackageReference section */

/* Begin XCSwiftPackageProductDependency section */
		98B6BE1F29E6FFF100E9C30A /* netfox */ = {
			isa = XCSwiftPackageProductDependency;
			package = 98B6BE1E29E6FE8600E9C30A /* XCRemoteSwiftPackageReference "netfox" */;
			productName = netfox;
		};
		98B6BE2129E6FFFA00E9C30A /* MangoPayCoreiOS */ = {
			isa = XCSwiftPackageProductDependency;
			productName = MangoPayCoreiOS;
		};
		98B6BE2529E6FFFA00E9C30A /* MangoPaySdkAPI */ = {
			isa = XCSwiftPackageProductDependency;
			productName = MangoPaySdkAPI;
		};
		98B6BE2729E6FFFA00E9C30A /* MangoPayVault */ = {
			isa = XCSwiftPackageProductDependency;
			productName = MangoPayVault;
		};
/* End XCSwiftPackageProductDependency section */
	};
	rootObject = 98C3893D28F7DBCA0000BD84 /* Project object */;
}
